<?xml version="1.0" encoding="utf-8"?>
<Project ToolsVersion="4.0" xmlns="http://schemas.microsoft.com/developer/msbuild/2003">
  <ItemGroup>
    <Filter Include="ソース ファイル">
      <UniqueIdentifier>{4FC737F1-C7A5-4376-A066-2A32D752A2FF}</UniqueIdentifier>
      <Extensions>cpp;c;cc;cxx;c++;cppm;ixx;def;odl;idl;hpj;bat;asm;asmx</Extensions>
    </Filter>
    <Filter Include="ヘッダー ファイル">
      <UniqueIdentifier>{93995380-89BD-4b04-88EB-625FBE52EBFB}</UniqueIdentifier>
      <Extensions>h;hh;hpp;hxx;h++;hm;inl;inc;ipp;xsd</Extensions>
    </Filter>
    <Filter Include="リソース ファイル">
      <UniqueIdentifier>{67DA6AB6-F800-4c08-8B7A-83BB121AAD01}</UniqueIdentifier>
      <Extensions>rc;ico;cur;bmp;dlg;rc2;rct;bin;rgs;gif;jpg;jpeg;jpe;resx;tiff;tif;png;wav;mfcribbon-ms</Extensions>
    </Filter>
  </ItemGroup>
  <ItemGroup>
    <ClCompile Include="main.cpp">
      <Filter>ソース ファイル</Filter>
    </ClCompile>
    <ClCompile Include="M\lowerLayer\math\matrix\matrix.cpp">
      <Filter>ソース ファイル</Filter>
    </ClCompile>
    <ClCompile Include="M\lowerLayer\math\vector\vector.cpp">
      <Filter>ソース ファイル</Filter>
    </ClCompile>
    <ClCompile Include="M\utilities\vectorAndMatrix\vectorAndMatrix.cpp">
      <Filter>ソース ファイル</Filter>
    </ClCompile>
    <ClCompile Include="M\commonVariables.cpp">
      <Filter>ソース ファイル</Filter>
    </ClCompile>
    <ClCompile Include="M\lowerLayer\engineCore\WinApp.cpp">
      <Filter>ソース ファイル</Filter>
    </ClCompile>
    <ClCompile Include="M\lowerLayer\engineCore\Essential\SwapChainControl\SwapChainControl.cpp">
      <Filter>ソース ファイル</Filter>
    </ClCompile>
    <ClCompile Include="M\lowerLayer\engineCore\Essential\logAndException\detectException.cpp">
      <Filter>ソース ファイル</Filter>
    </ClCompile>
    <ClCompile Include="M\lowerLayer\engineCore\Essential\logAndException\outputDebugLog.cpp">
      <Filter>ソース ファイル</Filter>
    </ClCompile>
    <ClCompile Include="M\lowerLayer\engineCore\Essential\leakChecker\leakChecker.cpp">
      <Filter>ソース ファイル</Filter>
    </ClCompile>
    <ClCompile Include="M\lowerLayer\engineCore\Essential\FenceControl\FenceControl.cpp">
      <Filter>ソース ファイル</Filter>
    </ClCompile>
    <ClCompile Include="M\lowerLayer\engineCore\Essential\deviceSetUp\deviceSetUp.cpp">
      <Filter>ソース ファイル</Filter>
    </ClCompile>
    <ClCompile Include="M\lowerLayer\engineCore\Essential\CommandControl\CommandControl.cpp">
      <Filter>ソース ファイル</Filter>
    </ClCompile>
    <ClCompile Include="M\lowerLayer\engineCore\Buffer\gpuResourcesBehavior.cpp">
      <Filter>ソース ファイル</Filter>
    </ClCompile>
    <ClCompile Include="M\lowerLayer\engineCore\Buffer\gpuResources\Resource\colorBuffer\colorBuffer.cpp">
      <Filter>ソース ファイル</Filter>
    </ClCompile>
    <ClCompile Include="M\lowerLayer\engineCore\Essential\dxCompile\dxCompile.cpp">
      <Filter>ソース ファイル</Filter>
    </ClCompile>
    <ClCompile Include="M\lowerLayer\engineCore\DescriptorHeap\descriptorHeapBehavior.cpp">
      <Filter>ソース ファイル</Filter>
    </ClCompile>
    <ClCompile Include="M\lowerLayer\engineCore\DescriptorHeap\rtvDescriptorHeap\rtvDescriptorHeap.cpp">
      <Filter>ソース ファイル</Filter>
    </ClCompile>
    <ClCompile Include="M\lowerLayer\engineCore\DescriptorHeap\srvDescriptorHeap\srvDescriptorHeap.cpp">
      <Filter>ソース ファイル</Filter>
    </ClCompile>
    <ClCompile Include="M\lowerLayer\engineCore\DescriptorHeap\dsvDescriptorHeap\dsvDescriptorHeap.cpp">
      <Filter>ソース ファイル</Filter>
    </ClCompile>
    <ClCompile Include="M\lowerLayer\engineCore\Essential\BarrierControl\BarrierControl.cpp">
      <Filter>ソース ファイル</Filter>
    </ClCompile>
    <ClCompile Include="M\lowerLayer\engineCore\VpShader\shaderData\pixelShaderData\pixelShaderData.cpp">
      <Filter>ソース ファイル</Filter>
    </ClCompile>
    <ClCompile Include="M\lowerLayer\engineCore\VpShader\shaderData\vertexShaderData\vertexShaderData.cpp">
      <Filter>ソース ファイル</Filter>
    </ClCompile>
    <ClCompile Include="M\lowerLayer\engineCore\PSO\pipelineSet\pipelineSet.cpp">
      <Filter>ソース ファイル</Filter>
    </ClCompile>
    <ClCompile Include="M\lowerLayer\engineCore\VpShader\vpShaderTable\vpShaderTable.cpp">
      <Filter>ソース ファイル</Filter>
    </ClCompile>
    <ClCompile Include="M\lowerLayer\engineCore\Mesh\meshStructure\Vertex\Vertex.cpp">
      <Filter>ソース ファイル</Filter>
    </ClCompile>
    <ClCompile Include="M\lowerLayer\engineCore\VpShader\vpShaders.cpp">
      <Filter>ソース ファイル</Filter>
    </ClCompile>
    <ClCompile Include="M\lowerLayer\engineCore\PSO\allPipelineSet.cpp">
      <Filter>ソース ファイル</Filter>
    </ClCompile>
    <ClCompile Include="M\lowerLayer\engineCore\Mesh\meshStructure\material\material.cpp">
      <Filter>ソース ファイル</Filter>
    </ClCompile>
    <ClCompile Include="M\lowerLayer\engineCore\Mesh\meshStructure\MaterialForLine\MaterialForLine.cpp">
      <Filter>ソース ファイル</Filter>
    </ClCompile>
    <ClCompile Include="M\lowerLayer\engineCore\Mesh\meshStructure\VertexForLine\VertexForLine.cpp">
      <Filter>ソース ファイル</Filter>
    </ClCompile>
    <ClCompile Include="M\lowerLayer\engineCore\Mesh\allMesh\primitiveMeshes\PrimitiveMeshCommon.cpp">
      <Filter>ソース ファイル</Filter>
    </ClCompile>
    <ClCompile Include="M\lowerLayer\engineCore\Buffer\constantBuffer\bufferAndMap.cpp">
      <Filter>ソース ファイル</Filter>
    </ClCompile>
    <ClCompile Include="M\lowerLayer\engineCore\PSO\pipelineCreators\rootSignatureCreator\rootSignatureCreator.cpp">
      <Filter>ソース ファイル</Filter>
    </ClCompile>
    <ClCompile Include="M\lowerLayer\engineCore\PSO\pipelineCreators\inputLayoutDescCreator\inputLayoutDescCreator.cpp">
      <Filter>ソース ファイル</Filter>
    </ClCompile>
    <ClCompile Include="M\lowerLayer\engineCore\PSO\pipelineCreators\pipelineCreators.cpp">
      <Filter>ソース ファイル</Filter>
    </ClCompile>
    <ClCompile Include="M\lowerLayer\engineCore\PSO\pipelineCreators\blendDescCreator\blendDescCreator.cpp">
      <Filter>ソース ファイル</Filter>
    </ClCompile>
    <ClCompile Include="M\lowerLayer\engineCore\PSO\pipelineCreators\pipelineComponents.cpp">
      <Filter>ソース ファイル</Filter>
    </ClCompile>
    <ClCompile Include="M\lowerLayer\engineCore\PSO\pipelineCreators\rasterizerDescCreator\rasterizerDescCreator.cpp">
      <Filter>ソース ファイル</Filter>
    </ClCompile>
    <ClCompile Include="M\lowerLayer\engineCore\PSO\pipelineCreators\depthStencilDescCreator\depthStencilDescCreator.cpp">
      <Filter>ソース ファイル</Filter>
    </ClCompile>
    <ClCompile Include="M\lowerLayer\engineCore\VpShader\shaderData\shaderDataBehavior.cpp">
      <Filter>ソース ファイル</Filter>
    </ClCompile>
    <ClCompile Include="M\lowerLayer\engineCore\Buffer\constantBuffer\MatrixBuffer\MatrixBuffer.cpp">
      <Filter>ソース ファイル</Filter>
    </ClCompile>
    <ClCompile Include="M\lowerLayer\engineCore\Buffer\constantBuffer\MaterialBuffer\MaterialBuffer.cpp">
      <Filter>ソース ファイル</Filter>
    </ClCompile>
    <ClCompile Include="M\lowerLayer\engineCore\Mesh\allMesh\primitiveMeshes\triangleMesh\triangleMesh.cpp">
      <Filter>ソース ファイル</Filter>
    </ClCompile>
    <ClCompile Include="M\lowerLayer\engineCore\Mesh\allMesh\primitiveMeshes\quadMesh\quadMesh.cpp">
      <Filter>ソース ファイル</Filter>
    </ClCompile>
    <ClCompile Include="M\lowerLayer\engineCore\Buffer\gpuResources\Resource\depthBuffer\depthBuffer.cpp">
      <Filter>ソース ファイル</Filter>
    </ClCompile>
    <ClCompile Include="M\lowerLayer\engineCore\Mesh\allMesh\allMesh.cpp">
      <Filter>ソース ファイル</Filter>
    </ClCompile>
    <ClCompile Include="M\lowerLayer\engineCore\textureDataManager\textureDataManager.cpp">
      <Filter>ソース ファイル</Filter>
    </ClCompile>
    <ClCompile Include="M\lowerLayer\engineCore\Buffer\gpuResources\Resource\shaderBuffer\shaderBuffer.cpp">
      <Filter>ソース ファイル</Filter>
    </ClCompile>
    <ClCompile Include="M\utilities\convertString\convertString.cpp">
      <Filter>ソース ファイル</Filter>
    </ClCompile>
    <ClCompile Include="M\lowerLayer\ResourceContainer\ResourceContainer.cpp">
      <Filter>ソース ファイル</Filter>
    </ClCompile>
    <ClCompile Include="M\lowerLayer\M.cpp">
      <Filter>ソース ファイル</Filter>
    </ClCompile>
    <ClCompile Include="M\utilities\Transform\Transform.cpp">
      <Filter>ソース ファイル</Filter>
    </ClCompile>
    <ClCompile Include="M\utilities\Quaternion\Quaternion.cpp">
      <Filter>ソース ファイル</Filter>
    </ClCompile>
    <ClCompile Include="M\utilities\ConvertToRadian\ConvertToRadian.cpp">
      <Filter>ソース ファイル</Filter>
    </ClCompile>
    <ClCompile Include="M\utilities\UVTransform\UVTransform.cpp">
      <Filter>ソース ファイル</Filter>
    </ClCompile>
    <ClCompile Include="M\lowerLayer\MobilePrimitive\MobileBehavior.cpp">
      <Filter>ソース ファイル</Filter>
    </ClCompile>
    <ClCompile Include="M\lowerLayer\MobilePrimitive\MobileTriangle\MobileTriangleBehavior.cpp">
      <Filter>ソース ファイル</Filter>
    </ClCompile>
    <ClCompile Include="M\lowerLayer\MobilePrimitive\MobileTriangle\MTriangle\MTriangle.cpp">
      <Filter>ソース ファイル</Filter>
    </ClCompile>
    <ClCompile Include="M\lowerLayer\engineCore\Render\ExclusiveDraw\ExclusiveDraw.cpp">
      <Filter>ソース ファイル</Filter>
    </ClCompile>
    <ClCompile Include="M\lowerLayer\Camera\CameraBehavior.cpp">
      <Filter>ソース ファイル</Filter>
    </ClCompile>
    <ClCompile Include="M\lowerLayer\Camera\NormalCamera\NormalCamera.cpp">
      <Filter>ソース ファイル</Filter>
    </ClCompile>
    <ClCompile Include="M\lowerLayer\MobilePrimitive\MobileQuad\MobileQuadBehavior.cpp">
      <Filter>ソース ファイル</Filter>
    </ClCompile>
    <ClCompile Include="M\lowerLayer\MobilePrimitive\MobileQuad\MQuad\MQuad.cpp">
      <Filter>ソース ファイル</Filter>
    </ClCompile>
    <ClCompile Include="M\lowerLayer\engineCore\Render\Appearance\Appearance.cpp">
      <Filter>ソース ファイル</Filter>
    </ClCompile>
    <ClCompile Include="M\lowerLayer\Scene\SceneBehavior\SceneBehavior.cpp">
      <Filter>ソース ファイル</Filter>
    </ClCompile>
    <ClCompile Include="M\lowerLayer\Scene\SceneController\SceneController.cpp">
      <Filter>ソース ファイル</Filter>
    </ClCompile>
    <ClCompile Include="M\lowerLayer\Scene\SceneController\RunSpeedChanger\RunSpeedChanger.cpp">
      <Filter>ソース ファイル</Filter>
    </ClCompile>
    <ClCompile Include="M\lowerLayer\Scene\SceneController\GuiCollecter\GuiCollecter.cpp">
      <Filter>ソース ファイル</Filter>
    </ClCompile>
    <ClCompile Include="M\lowerLayer\Scene\SampleScene\SampleScene.cpp">
      <Filter>ソース ファイル</Filter>
    </ClCompile>
    <ClCompile Include="M\lowerLayer\Scene\SampleScene\SampleSceneConstructor.cpp">
      <Filter>ソース ファイル</Filter>
    </ClCompile>
    <ClCompile Include="M\lowerLayer\engineCore\Mesh\allMesh\ParticleMesh2D\TestParticleMesh\TestParticleMesh.cpp">
      <Filter>ソース ファイル</Filter>
    </ClCompile>
    <ClCompile Include="M\lowerLayer\engineCore\Mesh\allMesh\ParticleMesh2D\ParticleMesh2DCommon.cpp">
      <Filter>ソース ファイル</Filter>
    </ClCompile>
    <ClCompile Include="M\lowerLayer\engineCore\Buffer\gpuResources\Data\ShaderBufferData\ShaderBufferData.cpp">
      <Filter>ソース ファイル</Filter>
    </ClCompile>
    <ClCompile Include="M\lowerLayer\engineCore\Buffer\gpuResources\Creator\SrvCreator\ParticleMeshSrvCreator\ParticleMeshSrvCreator.cpp">
      <Filter>ソース ファイル</Filter>
    </ClCompile>
    <ClCompile Include="M\lowerLayer\engineCore\Mesh\meshStructure\TransformMatrix\TransformMatrix.cpp">
      <Filter>ソース ファイル</Filter>
    </ClCompile>
    <ClCompile Include="M\lowerLayer\engineCore\Buffer\constantBuffer\TransformMatrixBuffer\TransformMatrixBuffer.cpp">
      <Filter>ソース ファイル</Filter>
    </ClCompile>
    <ClCompile Include="M\lowerLayer\engineCore\Buffer\gpuResources\Creator\SrvCreator\SrvCreatorBehavior.cpp">
      <Filter>ソース ファイル</Filter>
    </ClCompile>
    <ClCompile Include="M\lowerLayer\engineCore\Buffer\gpuResources\Creator\SrvCreator\TextureSrvCreator\TextureSrvCreator.cpp">
      <Filter>ソース ファイル</Filter>
    </ClCompile>
    <ClCompile Include="M\lowerLayer\engineCore\Buffer\gpuResources\Creator\SrvCreator\SrvCreator.cpp">
      <Filter>ソース ファイル</Filter>
    </ClCompile>
    <ClCompile Include="M\lowerLayer\engineCore\Buffer\StructuredBuffer\StructuredBufferAndMap.cpp">
      <Filter>ソース ファイル</Filter>
    </ClCompile>
    <ClCompile Include="M\lowerLayer\engineCore\Buffer\StructuredBuffer\TransformMatrixStructuredBuffer\TransformMatrixStructuredBuffer.cpp">
      <Filter>ソース ファイル</Filter>
    </ClCompile>
    <ClCompile Include="M\lowerLayer\engineCore\Audio\AudioHandle.cpp">
      <Filter>ソース ファイル</Filter>
    </ClCompile>
    <ClCompile Include="M\lowerLayer\engineCore\Audio\AudioManager.cpp">
      <Filter>ソース ファイル</Filter>
    </ClCompile>
    <ClCompile Include="M\lowerLayer\engineCore\Audio\AudioPlayer.cpp">
      <Filter>ソース ファイル</Filter>
    </ClCompile>
    <ClCompile Include="M\lowerLayer\engineCore\Audio\MediaAudioDecoder.cpp">
      <Filter>ソース ファイル</Filter>
    </ClCompile>
    <ClCompile Include="M\lowerLayer\engineCore\Mesh\allMesh\MeshForModel\MeshForModelCommon.cpp">
      <Filter>ソース ファイル</Filter>
    </ClCompile>
    <ClCompile Include="M\lowerLayer\GameObject\GameObjectBehavior.cpp">
      <Filter>ソース ファイル</Filter>
    </ClCompile>
    <ClCompile Include="M\lowerLayer\GameObject\Sample\SamplePlayer\SamplePlayer.cpp">
      <Filter>ソース ファイル</Filter>
    </ClCompile>
    <ClCompile Include="M\lowerLayer\GameObject\Sample\SampleEnemy\SampleEnemy.cpp">
      <Filter>ソース ファイル</Filter>
    </ClCompile>
    <ClCompile Include="M\lowerLayer\engineCore\FPSControll\FPSController.cpp">
      <Filter>ソース ファイル</Filter>
    </ClCompile>
    <ClCompile Include="M\lowerLayer\engineCore\Input\InputInterface\InputInterface.cpp">
      <Filter>ソース ファイル</Filter>
    </ClCompile>
    <ClCompile Include="M\lowerLayer\engineCore\Mesh\MeshCreator\MeshLoader\MeshLoader.cpp">
      <Filter>ソース ファイル</Filter>
    </ClCompile>
    <ClCompile Include="M\lowerLayer\engineCore\Mesh\meshStructure\ModelData\ModelData.cpp">
      <Filter>ソース ファイル</Filter>
    </ClCompile>
    <ClCompile Include="M\lowerLayer\engineCore\Buffer\VertexBuffer\VertexBuffer.cpp">
      <Filter>ソース ファイル</Filter>
    </ClCompile>
    <ClCompile Include="M\lowerLayer\engineCore\Buffer\IndexBuffer\IndexBuffer.cpp">
      <Filter>ソース ファイル</Filter>
    </ClCompile>
    <ClCompile Include="M\lowerLayer\engineCore\Mesh\allMesh\MeshForModel\ModelSimple\ModelSimple.cpp">
      <Filter>ソース ファイル</Filter>
    </ClCompile>
    <ClCompile Include="M\lowerLayer\engineCore\Mesh\MeshCreator\MeshCreator.cpp">
      <Filter>ソース ファイル</Filter>
    </ClCompile>
    <ClCompile Include="M\lowerLayer\Model\FromFile\SampleModel\SampleModel.cpp">
      <Filter>ソース ファイル</Filter>
    </ClCompile>
    <ClCompile Include="M\lowerLayer\Model\FromFile\ModelBehavior.cpp">
      <Filter>ソース ファイル</Filter>
    </ClCompile>
    <ClCompile Include="M\lowerLayer\GameObject\Sample\SampleObj\SampleObj.cpp">
      <Filter>ソース ファイル</Filter>
    </ClCompile>
    <ClCompile Include="M\lowerLayer\engineCore\Light\LightBehavior.cpp">
      <Filter>ソース ファイル</Filter>
    </ClCompile>
    <ClCompile Include="M\lowerLayer\engineCore\Light\DirectionalLight\DirectionalLight.cpp">
      <Filter>ソース ファイル</Filter>
    </ClCompile>
    <ClCompile Include="M\lowerLayer\engineCore\Buffer\constantBuffer\DirectionalLightBuffer\DirectionalLightBuffer.cpp">
      <Filter>ソース ファイル</Filter>
    </ClCompile>
    <ClCompile Include="M\lowerLayer\engineCore\Light\LightCreator\LightCreator.cpp">
      <Filter>ソース ファイル</Filter>
    </ClCompile>
    <ClCompile Include="M\lowerLayer\engineCore\Buffer\constantBuffer\CameraParaBuffer\CameraParaBuffer.cpp">
      <Filter>ソース ファイル</Filter>
    </ClCompile>
    <ClCompile Include="M\lowerLayer\Camera\CameraController\CameraController.cpp">
      <Filter>ソース ファイル</Filter>
    </ClCompile>
    <ClCompile Include="M\lowerLayer\engineCore\Buffer\constantBuffer\CameraParaBuffer\CameraParameterSetter\CameraParameterSetter.cpp">
      <Filter>ソース ファイル</Filter>
    </ClCompile>
    <ClCompile Include="M\lowerLayer\Model\FromFile\SampleModel2\SampleModel2.cpp">
      <Filter>ソース ファイル</Filter>
    </ClCompile>
    <ClCompile Include="M\lowerLayer\engineCore\Light\PointLight\PointLight.cpp">
      <Filter>ソース ファイル</Filter>
    </ClCompile>
    <ClCompile Include="M\lowerLayer\engineCore\Buffer\constantBuffer\PointLightBuffer\PointLightBuffer.cpp">
      <Filter>ソース ファイル</Filter>
    </ClCompile>
    <ClCompile Include="M\lowerLayer\engineCore\Buffer\StructuredBuffer\PointLightStructuredBuffer\PointLightStructuredBuffer.cpp">
      <Filter>ソース ファイル</Filter>
    </ClCompile>
    <ClCompile Include="M\lowerLayer\engineCore\Light\LightManager\LightManager.cpp">
      <Filter>ソース ファイル</Filter>
    </ClCompile>
    <ClCompile Include="M\lowerLayer\engineCore\Buffer\gpuResources\Creator\SrvCreator\StructuredBufferSrvCreator\StructuredBufferSrvCreator.cpp">
      <Filter>ソース ファイル</Filter>
    </ClCompile>
    <ClCompile Include="external\imgui\imgui.cpp">
      <Filter>ソース ファイル</Filter>
    </ClCompile>
    <ClCompile Include="external\imgui\imgui_demo.cpp">
      <Filter>ソース ファイル</Filter>
    </ClCompile>
    <ClCompile Include="external\imgui\imgui_draw.cpp">
      <Filter>ソース ファイル</Filter>
    </ClCompile>
    <ClCompile Include="external\imgui\imgui_impl_dx12.cpp">
      <Filter>ソース ファイル</Filter>
    </ClCompile>
    <ClCompile Include="external\imgui\imgui_impl_win32.cpp">
      <Filter>ソース ファイル</Filter>
    </ClCompile>
    <ClCompile Include="external\imgui\imgui_tables.cpp">
      <Filter>ソース ファイル</Filter>
    </ClCompile>
    <ClCompile Include="external\imgui\imgui_widgets.cpp">
      <Filter>ソース ファイル</Filter>
    </ClCompile>
    <ClCompile Include="M\lowerLayer\engineCore\Input\KeyboardKeys\KeyboardKeys.cpp">
      <Filter>ソース ファイル</Filter>
    </ClCompile>
    <ClCompile Include="M\lowerLayer\GameObjectManager\GameObjectManager.cpp">
      <Filter>ソース ファイル</Filter>
    </ClCompile>
    <ClCompile Include="M\lowerLayer\Camera\DebugCamera\DebugCamera.cpp">
      <Filter>ソース ファイル</Filter>
    </ClCompile>
    <ClCompile Include="M\utilities\Counter\Counter.cpp">
      <Filter>ソース ファイル</Filter>
    </ClCompile>
    <ClCompile Include="M\utilities\Easing\EasingFunctions.cpp">
      <Filter>ソース ファイル</Filter>
    </ClCompile>
    <ClCompile Include="M\lowerLayer\Collision\CollisionDetection\CollisionDetection.cpp">
      <Filter>ソース ファイル</Filter>
    </ClCompile>
    <ClCompile Include="M\lowerLayer\Collision\Shape\Rect.cpp">
      <Filter>ソース ファイル</Filter>
    </ClCompile>
    <ClCompile Include="Application\GameObjects\Shikoutei\Shikoutei.cpp">
      <Filter>ソース ファイル</Filter>
    </ClCompile>
    <ClCompile Include="Application\Models\Shikoutei\ShikouteiModel.cpp">
      <Filter>ソース ファイル</Filter>
    </ClCompile>
    <ClCompile Include="Application\Scenes\ShikouteiScene\ShikouteiScene.cpp">
      <Filter>ソース ファイル</Filter>
    </ClCompile>
    <ClCompile Include="Application\Scenes\ShikouteiScene\ShikouConstructot.cpp">
      <Filter>ソース ファイル</Filter>
    </ClCompile>
    <ClCompile Include="Application\Cameras\MainCamera\MainCamera.cpp">
      <Filter>ソース ファイル</Filter>
    </ClCompile>
    <ClCompile Include="M\lowerLayer\engineCore\Mesh\allMesh\LineMesh\LineMesh.cpp">
      <Filter>ソース ファイル</Filter>
    </ClCompile>
    <ClCompile Include="M\lowerLayer\Scene\SceneController\UglyGrid\UglyGrid.cpp">
      <Filter>ソース ファイル</Filter>
    </ClCompile>
    <ClCompile Include="Application\Scenes\InGameScene\InGameScene.cpp">
      <Filter>ソース ファイル</Filter>
    </ClCompile>
    <ClCompile Include="Application\Scenes\TitleScene\TitleScene.cpp">
      <Filter>ソース ファイル</Filter>
    </ClCompile>
    <ClCompile Include="Application\Scenes\ModelScene\ModelScene.cpp">
      <Filter>ソース ファイル</Filter>
    </ClCompile>
    <ClCompile Include="Application\Scenes\TutorialScene\TutorialScene.cpp">
      <Filter>ソース ファイル</Filter>
    </ClCompile>
    <ClCompile Include="Application\Scenes\TutorialScene\TutorialConstructor.cpp">
      <Filter>ソース ファイル</Filter>
    </ClCompile>
    <ClCompile Include="Application\Scenes\TitleScene\TitleConstructor.cpp">
      <Filter>ソース ファイル</Filter>
    </ClCompile>
    <ClCompile Include="Application\Scenes\ModelScene\ModelSceneConstructor.cpp">
      <Filter>ソース ファイル</Filter>
    </ClCompile>
    <ClCompile Include="Application\Scenes\InGameScene\InGameConstructor.cpp">
      <Filter>ソース ファイル</Filter>
    </ClCompile>
    <ClCompile Include="M\lowerLayer\MobilePrimitive\Sprite\Sprite.cpp">
      <Filter>ソース ファイル</Filter>
    </ClCompile>
  </ItemGroup>
  <ItemGroup>
    <ClInclude Include="M\lowerLayer\math\matrix\matrix.h">
      <Filter>ヘッダー ファイル</Filter>
    </ClInclude>
    <ClInclude Include="M\lowerLayer\math\vector\vector.h">
      <Filter>ヘッダー ファイル</Filter>
    </ClInclude>
    <ClInclude Include="M\utilities\vectorAndMatrix\vectorAndMatrix.h">
      <Filter>ヘッダー ファイル</Filter>
    </ClInclude>
    <ClInclude Include="M\commonVariables.h">
      <Filter>ヘッダー ファイル</Filter>
    </ClInclude>
    <ClInclude Include="M\lowerLayer\engineCore\WinApp.h">
      <Filter>ヘッダー ファイル</Filter>
    </ClInclude>
    <ClInclude Include="M\lowerLayer\engineCore\Essential\SwapChainControl\SwapChainControl.h">
      <Filter>ヘッダー ファイル</Filter>
    </ClInclude>
    <ClInclude Include="M\lowerLayer\engineCore\Essential\logAndException\detectException.h">
      <Filter>ヘッダー ファイル</Filter>
    </ClInclude>
    <ClInclude Include="M\lowerLayer\engineCore\Essential\logAndException\outputDebugLog.h">
      <Filter>ヘッダー ファイル</Filter>
    </ClInclude>
    <ClInclude Include="M\lowerLayer\engineCore\Essential\leakChecker\leakChecker.h">
      <Filter>ヘッダー ファイル</Filter>
    </ClInclude>
    <ClInclude Include="M\lowerLayer\engineCore\Essential\FenceControl\FenceControl.h">
      <Filter>ヘッダー ファイル</Filter>
    </ClInclude>
    <ClInclude Include="M\lowerLayer\engineCore\Essential\deviceSetUp\deviceSetUp.h">
      <Filter>ヘッダー ファイル</Filter>
    </ClInclude>
    <ClInclude Include="M\lowerLayer\engineCore\Essential\CommandControl\CommandControl.h">
      <Filter>ヘッダー ファイル</Filter>
    </ClInclude>
    <ClInclude Include="M\lowerLayer\engineCore\Buffer\gpuResourcesBehavior.h">
      <Filter>ヘッダー ファイル</Filter>
    </ClInclude>
    <ClInclude Include="M\lowerLayer\engineCore\Buffer\gpuResources\Resource\colorBuffer\colorBuffer.h">
      <Filter>ヘッダー ファイル</Filter>
    </ClInclude>
    <ClInclude Include="M\lowerLayer\engineCore\Essential\dxCompile\dxCompile.h">
      <Filter>ヘッダー ファイル</Filter>
    </ClInclude>
    <ClInclude Include="M\lowerLayer\engineCore\DescriptorHeap\descriptorHeapBehavior.h">
      <Filter>ヘッダー ファイル</Filter>
    </ClInclude>
    <ClInclude Include="M\lowerLayer\engineCore\DescriptorHeap\rtvDescriptorHeap\rtvDescriptorHeap.h">
      <Filter>ヘッダー ファイル</Filter>
    </ClInclude>
    <ClInclude Include="M\lowerLayer\engineCore\DescriptorHeap\srvDescriptorHeap\srvDescriptorHeap.h">
      <Filter>ヘッダー ファイル</Filter>
    </ClInclude>
    <ClInclude Include="M\lowerLayer\engineCore\DescriptorHeap\dsvDescriptorHeap\dsvDescriptorHeap.h">
      <Filter>ヘッダー ファイル</Filter>
    </ClInclude>
    <ClInclude Include="M\lowerLayer\engineCore\Essential\BarrierControl\BarrierControl.h">
      <Filter>ヘッダー ファイル</Filter>
    </ClInclude>
    <ClInclude Include="M\lowerLayer\engineCore\VpShader\shaderData\pixelShaderData\pixelShaderData.h">
      <Filter>ヘッダー ファイル</Filter>
    </ClInclude>
    <ClInclude Include="M\lowerLayer\engineCore\VpShader\shaderData\vertexShaderData\vertexShaderData.h">
      <Filter>ヘッダー ファイル</Filter>
    </ClInclude>
    <ClInclude Include="M\lowerLayer\engineCore\PSO\pipelineSet\pipelineSet.h">
      <Filter>ヘッダー ファイル</Filter>
    </ClInclude>
    <ClInclude Include="M\lowerLayer\engineCore\VpShader\vpShaderTable\vpShaderTable.h">
      <Filter>ヘッダー ファイル</Filter>
    </ClInclude>
    <ClInclude Include="M\lowerLayer\engineCore\Mesh\meshStructure\Vertex\Vertex.h">
      <Filter>ヘッダー ファイル</Filter>
    </ClInclude>
    <ClInclude Include="M\lowerLayer\engineCore\VpShader\vpShaders.h">
      <Filter>ヘッダー ファイル</Filter>
    </ClInclude>
    <ClInclude Include="M\lowerLayer\engineCore\PSO\allPipelineSet.h">
      <Filter>ヘッダー ファイル</Filter>
    </ClInclude>
    <ClInclude Include="M\lowerLayer\engineCore\Mesh\meshStructure\material\material.h">
      <Filter>ヘッダー ファイル</Filter>
    </ClInclude>
    <ClInclude Include="M\lowerLayer\engineCore\Mesh\meshStructure\MaterialForLine\MaterialForLine.h">
      <Filter>ヘッダー ファイル</Filter>
    </ClInclude>
    <ClInclude Include="M\lowerLayer\engineCore\Mesh\meshStructure\VertexForLine\VertexForLine.h">
      <Filter>ヘッダー ファイル</Filter>
    </ClInclude>
    <ClInclude Include="M\lowerLayer\engineCore\Mesh\allMesh\primitiveMeshes\PrimitiveMeshCommon.h">
      <Filter>ヘッダー ファイル</Filter>
    </ClInclude>
    <ClInclude Include="M\lowerLayer\engineCore\Buffer\constantBuffer\bufferAndMap.h">
      <Filter>ヘッダー ファイル</Filter>
    </ClInclude>
    <ClInclude Include="M\lowerLayer\engineCore\PSO\pipelineCreators\rootSignatureCreator\rootSignatureCreator.h">
      <Filter>ヘッダー ファイル</Filter>
    </ClInclude>
    <ClInclude Include="M\lowerLayer\engineCore\PSO\pipelineCreators\inputLayoutDescCreator\inputLayoutDescCreator.h">
      <Filter>ヘッダー ファイル</Filter>
    </ClInclude>
    <ClInclude Include="M\lowerLayer\engineCore\PSO\pipelineCreators\pipelineCreators.h">
      <Filter>ヘッダー ファイル</Filter>
    </ClInclude>
    <ClInclude Include="M\lowerLayer\engineCore\PSO\pipelineCreators\blendDescCreator\blendDescCreator.h">
      <Filter>ヘッダー ファイル</Filter>
    </ClInclude>
    <ClInclude Include="M\lowerLayer\engineCore\PSO\pipelineCreators\pipelineComponents.h">
      <Filter>ヘッダー ファイル</Filter>
    </ClInclude>
    <ClInclude Include="M\lowerLayer\engineCore\PSO\pipelineCreators\rasterizerDescCreator\rasterizerDescCreator.h">
      <Filter>ヘッダー ファイル</Filter>
    </ClInclude>
    <ClInclude Include="M\lowerLayer\engineCore\PSO\pipelineCreators\depthStencilDescCreator\depthStencilDescCreator.h">
      <Filter>ヘッダー ファイル</Filter>
    </ClInclude>
    <ClInclude Include="M\utilities\benriTemplateFunc\benriTempFunc.h">
      <Filter>ヘッダー ファイル</Filter>
    </ClInclude>
    <ClInclude Include="M\lowerLayer\engineCore\VpShader\shaderData\shaderDataBehavior.h">
      <Filter>ヘッダー ファイル</Filter>
    </ClInclude>
    <ClInclude Include="M\lowerLayer\engineCore\Buffer\constantBuffer\MatrixBuffer\MatrixBuffer.h">
      <Filter>ヘッダー ファイル</Filter>
    </ClInclude>
    <ClInclude Include="M\lowerLayer\engineCore\Buffer\constantBuffer\MaterialBuffer\MaterialBuffer.h">
      <Filter>ヘッダー ファイル</Filter>
    </ClInclude>
    <ClInclude Include="M\lowerLayer\engineCore\Mesh\allMesh\primitiveMeshes\triangleMesh\triangleMesh.h">
      <Filter>ヘッダー ファイル</Filter>
    </ClInclude>
    <ClInclude Include="M\lowerLayer\engineCore\Mesh\allMesh\primitiveMeshes\quadMesh\quadMesh.h">
      <Filter>ヘッダー ファイル</Filter>
    </ClInclude>
    <ClInclude Include="M\lowerLayer\engineCore\Buffer\gpuResources\Resource\depthBuffer\depthBuffer.h">
      <Filter>ヘッダー ファイル</Filter>
    </ClInclude>
    <ClInclude Include="M\lowerLayer\engineCore\Mesh\allMesh\allMesh.h">
      <Filter>ヘッダー ファイル</Filter>
    </ClInclude>
    <ClInclude Include="M\lowerLayer\engineCore\textureDataManager\textureDataManager.h">
      <Filter>ヘッダー ファイル</Filter>
    </ClInclude>
    <ClInclude Include="M\lowerLayer\engineCore\Buffer\gpuResources\Resource\shaderBuffer\shaderBuffer.h">
      <Filter>ヘッダー ファイル</Filter>
    </ClInclude>
    <ClInclude Include="M\utilities\convertString\convertString.h">
      <Filter>ヘッダー ファイル</Filter>
    </ClInclude>
    <ClInclude Include="M\lowerLayer\ResourceContainer\ResourceContainer.h">
      <Filter>ヘッダー ファイル</Filter>
    </ClInclude>
    <ClInclude Include="M\lowerLayer\M.h">
      <Filter>ヘッダー ファイル</Filter>
    </ClInclude>
    <ClInclude Include="M\utilities\Transform\Transform.h">
      <Filter>ヘッダー ファイル</Filter>
    </ClInclude>
    <ClInclude Include="M\utilities\Quaternion\Quaternion.h">
      <Filter>ヘッダー ファイル</Filter>
    </ClInclude>
    <ClInclude Include="M\utilities\ConvertToRadian\ConvertToRadian.h">
      <Filter>ヘッダー ファイル</Filter>
    </ClInclude>
    <ClInclude Include="M\utilities\UVTransform\UVTransform.h">
      <Filter>ヘッダー ファイル</Filter>
    </ClInclude>
    <ClInclude Include="M\lowerLayer\MobilePrimitive\MobileBehavior.h">
      <Filter>ヘッダー ファイル</Filter>
    </ClInclude>
    <ClInclude Include="M\lowerLayer\MobilePrimitive\MobileTriangle\MobileTriangleBehavior.h">
      <Filter>ヘッダー ファイル</Filter>
    </ClInclude>
    <ClInclude Include="M\lowerLayer\MobilePrimitive\MobileTriangle\MTriangle\MTriangle.h">
      <Filter>ヘッダー ファイル</Filter>
    </ClInclude>
    <ClInclude Include="M\lowerLayer\engineCore\Render\ExclusiveDraw\ExclusiveDraw.h">
      <Filter>ヘッダー ファイル</Filter>
    </ClInclude>
    <ClInclude Include="M\lowerLayer\Camera\CameraBehavior.h">
      <Filter>ヘッダー ファイル</Filter>
    </ClInclude>
    <ClInclude Include="M\lowerLayer\Camera\NormalCamera\NormalCamera.h">
      <Filter>ヘッダー ファイル</Filter>
    </ClInclude>
    <ClInclude Include="M\lowerLayer\MobilePrimitive\MobileQuad\MobileQuadBehavior.h">
      <Filter>ヘッダー ファイル</Filter>
    </ClInclude>
    <ClInclude Include="M\lowerLayer\MobilePrimitive\MobileQuad\MQuad\MQuad.h">
      <Filter>ヘッダー ファイル</Filter>
    </ClInclude>
    <ClInclude Include="M\lowerLayer\engineCore\Render\Appearance\Appearance.h">
      <Filter>ヘッダー ファイル</Filter>
    </ClInclude>
    <ClInclude Include="M\lowerLayer\Scene\SceneBehavior\SceneBehavior.h">
      <Filter>ヘッダー ファイル</Filter>
    </ClInclude>
    <ClInclude Include="M\lowerLayer\Scene\SceneController\SceneController.h">
      <Filter>ヘッダー ファイル</Filter>
    </ClInclude>
    <ClInclude Include="M\lowerLayer\Scene\SceneController\RunSpeedChanger\RunSpeedChanger.h">
      <Filter>ヘッダー ファイル</Filter>
    </ClInclude>
    <ClInclude Include="M\lowerLayer\Scene\SceneController\GuiCollecter\GuiCollecter.h">
      <Filter>ヘッダー ファイル</Filter>
    </ClInclude>
    <ClInclude Include="M\lowerLayer\Scene\SampleScene\SampleScene.h">
      <Filter>ヘッダー ファイル</Filter>
    </ClInclude>
    <ClInclude Include="M\lowerLayer\Scene\FwdScenes.h">
      <Filter>ヘッダー ファイル</Filter>
    </ClInclude>
    <ClInclude Include="M\lowerLayer\engineCore\Mesh\allMesh\ParticleMesh2D\TestParticleMesh\TestParticleMesh.h">
      <Filter>ヘッダー ファイル</Filter>
    </ClInclude>
    <ClInclude Include="M\lowerLayer\engineCore\Mesh\allMesh\ParticleMesh2D\ParticleMesh2DCommon.h">
      <Filter>ヘッダー ファイル</Filter>
    </ClInclude>
    <ClInclude Include="M\lowerLayer\engineCore\Buffer\gpuResources\Data\ShaderBufferData\ShaderBufferData.h">
      <Filter>ヘッダー ファイル</Filter>
    </ClInclude>
    <ClInclude Include="M\lowerLayer\engineCore\Buffer\gpuResources\Creator\SrvCreator\ParticleMeshSrvCreator\ParticleMeshSrvCreator.h">
      <Filter>ヘッダー ファイル</Filter>
    </ClInclude>
    <ClInclude Include="M\lowerLayer\engineCore\Mesh\meshStructure\TransformMatrix\TransformMatrix.h">
      <Filter>ヘッダー ファイル</Filter>
    </ClInclude>
    <ClInclude Include="M\lowerLayer\engineCore\Buffer\constantBuffer\TransformMatrixBuffer\TransformMatrixBuffer.h">
      <Filter>ヘッダー ファイル</Filter>
    </ClInclude>
    <ClInclude Include="M\lowerLayer\engineCore\Buffer\gpuResources\Creator\SrvCreator\SrvCreatorBehavior.h">
      <Filter>ヘッダー ファイル</Filter>
    </ClInclude>
    <ClInclude Include="M\lowerLayer\engineCore\Buffer\gpuResources\Creator\SrvCreator\TextureSrvCreator\TextureSrvCreator.h">
      <Filter>ヘッダー ファイル</Filter>
    </ClInclude>
    <ClInclude Include="M\lowerLayer\engineCore\Buffer\gpuResources\Creator\SrvCreator\SrvCreator.h">
      <Filter>ヘッダー ファイル</Filter>
    </ClInclude>
    <ClInclude Include="M\lowerLayer\engineCore\Buffer\StructuredBuffer\StructuredBufferAndMap.h">
      <Filter>ヘッダー ファイル</Filter>
    </ClInclude>
    <ClInclude Include="M\lowerLayer\engineCore\Buffer\StructuredBuffer\TransformMatrixStructuredBuffer\TransformMatrixStructuredBuffer.h">
      <Filter>ヘッダー ファイル</Filter>
    </ClInclude>
    <ClInclude Include="M\lowerLayer\engineCore\Audio\AudioHandle.h">
      <Filter>ヘッダー ファイル</Filter>
    </ClInclude>
    <ClInclude Include="M\lowerLayer\engineCore\Audio\AudioManager.h">
      <Filter>ヘッダー ファイル</Filter>
    </ClInclude>
    <ClInclude Include="M\lowerLayer\engineCore\Audio\AudioPlayer.h">
      <Filter>ヘッダー ファイル</Filter>
    </ClInclude>
    <ClInclude Include="M\lowerLayer\engineCore\Audio\MediaAudioDecoder.h">
      <Filter>ヘッダー ファイル</Filter>
    </ClInclude>
    <ClInclude Include="M\lowerLayer\engineCore\Mesh\allMesh\MeshForModel\MeshForModelCommon.h">
      <Filter>ヘッダー ファイル</Filter>
    </ClInclude>
    <ClInclude Include="M\lowerLayer\GameObject\GameObjectBehavior.h">
      <Filter>ヘッダー ファイル</Filter>
    </ClInclude>
    <ClInclude Include="M\lowerLayer\GameObject\Sample\SamplePlayer\SamplePlayer.h">
      <Filter>ヘッダー ファイル</Filter>
    </ClInclude>
    <ClInclude Include="M\lowerLayer\GameObject\Sample\SampleEnemy\SampleEnemy.h">
      <Filter>ヘッダー ファイル</Filter>
    </ClInclude>
    <ClInclude Include="M\lowerLayer\engineCore\FPSControll\FPSController.h">
      <Filter>ヘッダー ファイル</Filter>
    </ClInclude>
    <ClInclude Include="M\lowerLayer\engineCore\Input\InputInterface\InputInterface.h">
      <Filter>ヘッダー ファイル</Filter>
    </ClInclude>
    <ClInclude Include="M\lowerLayer\engineCore\Mesh\MeshCreator\MeshLoader\MeshLoader.h">
      <Filter>ヘッダー ファイル</Filter>
    </ClInclude>
    <ClInclude Include="M\lowerLayer\engineCore\Mesh\meshStructure\ModelData\ModelData.h">
      <Filter>ヘッダー ファイル</Filter>
    </ClInclude>
    <ClInclude Include="M\lowerLayer\engineCore\Buffer\VertexBuffer\VertexBuffer.h">
      <Filter>ヘッダー ファイル</Filter>
    </ClInclude>
    <ClInclude Include="M\lowerLayer\engineCore\Buffer\IndexBuffer\IndexBuffer.h">
      <Filter>ヘッダー ファイル</Filter>
    </ClInclude>
    <ClInclude Include="M\lowerLayer\engineCore\Mesh\allMesh\MeshForModel\ModelSimple\ModelSimple.h">
      <Filter>ヘッダー ファイル</Filter>
    </ClInclude>
    <ClInclude Include="M\lowerLayer\engineCore\Mesh\MeshCreator\MeshCreator.h">
      <Filter>ヘッダー ファイル</Filter>
    </ClInclude>
    <ClInclude Include="M\lowerLayer\Model\FromFile\SampleModel\SampleModel.h">
      <Filter>ヘッダー ファイル</Filter>
    </ClInclude>
    <ClInclude Include="M\lowerLayer\Model\FromFile\ModelBehavior.h">
      <Filter>ヘッダー ファイル</Filter>
    </ClInclude>
    <ClInclude Include="M\lowerLayer\GameObject\Sample\SampleObj\SampleObj.h">
      <Filter>ヘッダー ファイル</Filter>
    </ClInclude>
    <ClInclude Include="M\lowerLayer\engineCore\Light\LightBehavior.h">
      <Filter>ヘッダー ファイル</Filter>
    </ClInclude>
    <ClInclude Include="M\lowerLayer\engineCore\Light\DirectionalLight\DirectionalLight.h">
      <Filter>ヘッダー ファイル</Filter>
    </ClInclude>
    <ClInclude Include="M\lowerLayer\engineCore\Buffer\constantBuffer\DirectionalLightBuffer\DirectionalLightBuffer.h">
      <Filter>ヘッダー ファイル</Filter>
    </ClInclude>
    <ClInclude Include="M\lowerLayer\engineCore\Light\LightCreator\LightCreator.h">
      <Filter>ヘッダー ファイル</Filter>
    </ClInclude>
    <ClInclude Include="M\lowerLayer\engineCore\Buffer\constantBuffer\CameraParaBuffer\CameraParaBuffer.h">
      <Filter>ヘッダー ファイル</Filter>
    </ClInclude>
    <ClInclude Include="M\lowerLayer\Camera\CameraController\CameraController.h">
      <Filter>ヘッダー ファイル</Filter>
    </ClInclude>
    <ClInclude Include="M\lowerLayer\engineCore\Buffer\constantBuffer\CameraParaBuffer\CameraParameterSetter\CameraParameterSetter.h">
      <Filter>ヘッダー ファイル</Filter>
    </ClInclude>
    <ClInclude Include="M\lowerLayer\Model\FromFile\SampleModel2\SampleModel2.h">
      <Filter>ヘッダー ファイル</Filter>
    </ClInclude>
    <ClInclude Include="M\lowerLayer\engineCore\Light\PointLight\PointLight.h">
      <Filter>ヘッダー ファイル</Filter>
    </ClInclude>
    <ClInclude Include="M\lowerLayer\engineCore\Buffer\constantBuffer\PointLightBuffer\PointLightBuffer.h">
      <Filter>ヘッダー ファイル</Filter>
    </ClInclude>
    <ClInclude Include="M\lowerLayer\engineCore\Buffer\StructuredBuffer\PointLightStructuredBuffer\PointLightStructuredBuffer.h">
      <Filter>ヘッダー ファイル</Filter>
    </ClInclude>
    <ClInclude Include="M\lowerLayer\engineCore\Light\LightManager\LightManager.h">
      <Filter>ヘッダー ファイル</Filter>
    </ClInclude>
    <ClInclude Include="M\lowerLayer\engineCore\Buffer\gpuResources\Creator\SrvCreator\StructuredBufferSrvCreator\StructuredBufferSrvCreator.h">
      <Filter>ヘッダー ファイル</Filter>
    </ClInclude>
    <ClInclude Include="external\imgui\imconfig.h">
      <Filter>ヘッダー ファイル</Filter>
    </ClInclude>
    <ClInclude Include="external\imgui\imgui.h">
      <Filter>ヘッダー ファイル</Filter>
    </ClInclude>
    <ClInclude Include="external\imgui\imgui_impl_dx12.h">
      <Filter>ヘッダー ファイル</Filter>
    </ClInclude>
    <ClInclude Include="external\imgui\imgui_impl_win32.h">
      <Filter>ヘッダー ファイル</Filter>
    </ClInclude>
    <ClInclude Include="external\imgui\imgui_internal.h">
      <Filter>ヘッダー ファイル</Filter>
    </ClInclude>
    <ClInclude Include="external\imgui\imstb_rectpack.h">
      <Filter>ヘッダー ファイル</Filter>
    </ClInclude>
    <ClInclude Include="external\imgui\imstb_textedit.h">
      <Filter>ヘッダー ファイル</Filter>
    </ClInclude>
    <ClInclude Include="external\imgui\imstb_truetype.h">
      <Filter>ヘッダー ファイル</Filter>
    </ClInclude>
    <ClInclude Include="M\lowerLayer\engineCore\Input\KeyboardKeys\KeyboardKeys.h">
      <Filter>ヘッダー ファイル</Filter>
    </ClInclude>
    <ClInclude Include="M\lowerLayer\GameObjectManager\GameObjectManager.h">
      <Filter>ヘッダー ファイル</Filter>
    </ClInclude>
    <ClInclude Include="M\lowerLayer\Camera\DebugCamera\DebugCamera.h">
      <Filter>ヘッダー ファイル</Filter>
    </ClInclude>
    <ClInclude Include="M\utilities\Counter\Counter.h">
      <Filter>ヘッダー ファイル</Filter>
    </ClInclude>
    <ClInclude Include="M\utilities\Easing\EasingFunctions.h">
      <Filter>ヘッダー ファイル</Filter>
    </ClInclude>
    <ClInclude Include="M\lowerLayer\Collision\CollisionDetection\CollisionDetection.h">
      <Filter>ヘッダー ファイル</Filter>
    </ClInclude>
    <ClInclude Include="M\lowerLayer\Collision\Shape\Rect.h">
      <Filter>ヘッダー ファイル</Filter>
    </ClInclude>
    <ClInclude Include="Application\GameObjects\Shikoutei\Shikoutei.h">
      <Filter>ヘッダー ファイル</Filter>
    </ClInclude>
    <ClInclude Include="Application\Models\Shikoutei\ShikouteiModel.h">
      <Filter>ヘッダー ファイル</Filter>
    </ClInclude>
    <ClInclude Include="Application\Scenes\ShikouteiScene\ShikouteiScene.h">
      <Filter>ヘッダー ファイル</Filter>
    </ClInclude>
    <ClInclude Include="Application\Cameras\MainCamera\MainCamera.h">
      <Filter>ヘッダー ファイル</Filter>
    </ClInclude>
    <ClInclude Include="M\lowerLayer\engineCore\Mesh\allMesh\LineMesh\LineMesh.h">
      <Filter>ヘッダー ファイル</Filter>
    </ClInclude>
    <ClInclude Include="M\lowerLayer\Scene\SceneController\UglyGrid\UglyGrid.h">
      <Filter>ヘッダー ファイル</Filter>
    </ClInclude>
    <ClInclude Include="Application\Scenes\InGameScene\InGameScene.h">
      <Filter>ヘッダー ファイル</Filter>
    </ClInclude>
    <ClInclude Include="Application\Scenes\TitleScene\TitleScene.h">
      <Filter>ヘッダー ファイル</Filter>
    </ClInclude>
    <ClInclude Include="Application\Scenes\ModelScene\ModelScene.h">
      <Filter>ヘッダー ファイル</Filter>
    </ClInclude>
    <ClInclude Include="Application\Scenes\TutorialScene\TutorialScene.h">
      <Filter>ヘッダー ファイル</Filter>
    </ClInclude>
    <ClInclude Include="M\lowerLayer\MobilePrimitive\Sprite\Sprite.h">
      <Filter>ヘッダー ファイル</Filter>
    </ClInclude>
  </ItemGroup>
  <ItemGroup>
    <None Include="external\imgui\imgui.vcxproj" />
    <None Include="external\imgui\imgui.vcxproj.filters" />
    <None Include="packages.config" />
  </ItemGroup>
  <ItemGroup>
    <Text Include="external\imgui\LICENSE.txt" />
  </ItemGroup>
</Project>