<?xml version="1.0" encoding="utf-8"?>
<Project ToolsVersion="4.0" xmlns="http://schemas.microsoft.com/developer/msbuild/2003">
  <ItemGroup>
    <Filter Include="ソース ファイル">
      <UniqueIdentifier>{4FC737F1-C7A5-4376-A066-2A32D752A2FF}</UniqueIdentifier>
      <Extensions>cpp;c;cc;cxx;c++;cppm;ixx;def;odl;idl;hpj;bat;asm;asmx</Extensions>
    </Filter>
    <Filter Include="ヘッダー ファイル">
      <UniqueIdentifier>{93995380-89BD-4b04-88EB-625FBE52EBFB}</UniqueIdentifier>
      <Extensions>h;hh;hpp;hxx;h++;hm;inl;inc;ipp;xsd</Extensions>
    </Filter>
    <Filter Include="リソース ファイル">
      <UniqueIdentifier>{67DA6AB6-F800-4c08-8B7A-83BB121AAD01}</UniqueIdentifier>
      <Extensions>rc;ico;cur;bmp;dlg;rc2;rct;bin;rgs;gif;jpg;jpeg;jpe;resx;tiff;tif;png;wav;mfcribbon-ms</Extensions>
    </Filter>
  </ItemGroup>
  <ItemGroup>
    <ClCompile Include="main.cpp">
      <Filter>ソース ファイル</Filter>
    </ClCompile>
    <ClCompile Include="M\lowerLayer\math\matrix\matrix.cpp">
      <Filter>ソース ファイル</Filter>
    </ClCompile>
    <ClCompile Include="M\lowerLayer\math\vector\vector.cpp">
      <Filter>ソース ファイル</Filter>
    </ClCompile>
    <ClCompile Include="M\utilities\vectorAndMatrix\vectorAndMatrix.cpp">
      <Filter>ソース ファイル</Filter>
    </ClCompile>
    <ClCompile Include="M\commonVariables.cpp">
      <Filter>ソース ファイル</Filter>
    </ClCompile>
    <ClCompile Include="M\lowerLayer\engineCore\WinApp.cpp">
      <Filter>ソース ファイル</Filter>
    </ClCompile>
    <ClCompile Include="M\lowerLayer\engineCore\Essential\SwapChainControl\SwapChainControl.cpp">
      <Filter>ソース ファイル</Filter>
    </ClCompile>
    <ClCompile Include="M\lowerLayer\engineCore\Essential\logAndException\detectException.cpp">
      <Filter>ソース ファイル</Filter>
    </ClCompile>
    <ClCompile Include="M\lowerLayer\engineCore\Essential\logAndException\outputDebugLog.cpp">
      <Filter>ソース ファイル</Filter>
    </ClCompile>
    <ClCompile Include="M\lowerLayer\engineCore\Essential\leakChecker\leakChecker.cpp">
      <Filter>ソース ファイル</Filter>
    </ClCompile>
    <ClCompile Include="M\lowerLayer\engineCore\Essential\FenceControl\FenceControl.cpp">
      <Filter>ソース ファイル</Filter>
    </ClCompile>
    <ClCompile Include="M\lowerLayer\engineCore\Essential\deviceSetUp\deviceSetUp.cpp">
      <Filter>ソース ファイル</Filter>
    </ClCompile>
    <ClCompile Include="M\lowerLayer\engineCore\Essential\CommandControl\CommandControl.cpp">
      <Filter>ソース ファイル</Filter>
    </ClCompile>
    <ClCompile Include="M\lowerLayer\engineCore\Buffer\gpuResources\Resource\gpuResourcesBehavior.cpp">
      <Filter>ソース ファイル</Filter>
    </ClCompile>
    <ClCompile Include="M\lowerLayer\engineCore\Buffer\gpuResources\Resource\colorBuffer\colorBuffer.cpp">
      <Filter>ソース ファイル</Filter>
    </ClCompile>
    <ClCompile Include="M\lowerLayer\engineCore\Essential\dxCompile\dxCompile.cpp">
      <Filter>ソース ファイル</Filter>
    </ClCompile>
    <ClCompile Include="M\lowerLayer\engineCore\DescriptorHeap\descriptorHeapBehavior.cpp">
      <Filter>ソース ファイル</Filter>
    </ClCompile>
    <ClCompile Include="M\lowerLayer\engineCore\DescriptorHeap\rtvDescriptorHeap\rtvDescriptorHeap.cpp">
      <Filter>ソース ファイル</Filter>
    </ClCompile>
    <ClCompile Include="M\lowerLayer\engineCore\DescriptorHeap\srvDescriptorHeap\srvDescriptorHeap.cpp">
      <Filter>ソース ファイル</Filter>
    </ClCompile>
    <ClCompile Include="M\lowerLayer\engineCore\DescriptorHeap\dsvDescriptorHeap\dsvDescriptorHeap.cpp">
      <Filter>ソース ファイル</Filter>
    </ClCompile>
    <ClCompile Include="M\lowerLayer\engineCore\Essential\BarrierControl\BarrierControl.cpp">
      <Filter>ソース ファイル</Filter>
    </ClCompile>
    <ClCompile Include="M\lowerLayer\engineCore\VpShader\shaderData\pixelShaderData\pixelShaderData.cpp">
      <Filter>ソース ファイル</Filter>
    </ClCompile>
    <ClCompile Include="M\lowerLayer\engineCore\VpShader\shaderData\vertexShaderData\vertexShaderData.cpp">
      <Filter>ソース ファイル</Filter>
    </ClCompile>
    <ClCompile Include="M\lowerLayer\engineCore\PSO\pipelineSet\pipelineSet.cpp">
      <Filter>ソース ファイル</Filter>
    </ClCompile>
    <ClCompile Include="M\lowerLayer\engineCore\VpShader\vpShaderTable\vpShaderTable.cpp">
      <Filter>ソース ファイル</Filter>
    </ClCompile>
    <ClCompile Include="M\lowerLayer\engineCore\Mesh\meshStructure\vertexData\VertexData.cpp">
      <Filter>ソース ファイル</Filter>
    </ClCompile>
    <ClCompile Include="M\lowerLayer\engineCore\VpShader\vpShaders.cpp">
      <Filter>ソース ファイル</Filter>
    </ClCompile>
    <ClCompile Include="M\lowerLayer\engineCore\PSO\allPipelineSet.cpp">
      <Filter>ソース ファイル</Filter>
    </ClCompile>
    <ClCompile Include="M\lowerLayer\engineCore\Mesh\meshStructure\material\material.cpp">
      <Filter>ソース ファイル</Filter>
    </ClCompile>
    <ClCompile Include="M\lowerLayer\engineCore\Mesh\meshStructure\materialForLine\materialForLine.cpp">
      <Filter>ソース ファイル</Filter>
    </ClCompile>
    <ClCompile Include="M\lowerLayer\engineCore\Mesh\meshStructure\vertexDataForLine\vertexDataForLine.cpp">
      <Filter>ソース ファイル</Filter>
    </ClCompile>
    <ClCompile Include="M\lowerLayer\engineCore\Mesh\allMesh\primitiveMeshes\PrimitiveMeshCommon.cpp">
      <Filter>ソース ファイル</Filter>
    </ClCompile>
    <ClCompile Include="M\lowerLayer\engineCore\Buffer\constantBuffer\bufferAndMap.cpp">
      <Filter>ソース ファイル</Filter>
    </ClCompile>
    <ClCompile Include="M\lowerLayer\engineCore\PSO\pipelineCreators\rootSignatureCreator\rootSignatureCreator.cpp">
      <Filter>ソース ファイル</Filter>
    </ClCompile>
    <ClCompile Include="M\lowerLayer\engineCore\PSO\pipelineCreators\inputLayoutDescCreator\inputLayoutDescCreator.cpp">
      <Filter>ソース ファイル</Filter>
    </ClCompile>
    <ClCompile Include="M\lowerLayer\engineCore\PSO\pipelineCreators\pipelineCreators.cpp">
      <Filter>ソース ファイル</Filter>
    </ClCompile>
    <ClCompile Include="M\lowerLayer\engineCore\PSO\pipelineCreators\blendDescCreator\blendDescCreator.cpp">
      <Filter>ソース ファイル</Filter>
    </ClCompile>
    <ClCompile Include="M\lowerLayer\engineCore\PSO\pipelineCreators\pipelineComponents.cpp">
      <Filter>ソース ファイル</Filter>
    </ClCompile>
    <ClCompile Include="M\lowerLayer\engineCore\PSO\pipelineCreators\rasterizerDescCreator\rasterizerDescCreator.cpp">
      <Filter>ソース ファイル</Filter>
    </ClCompile>
    <ClCompile Include="M\lowerLayer\engineCore\PSO\pipelineCreators\depthStencilDescCreator\depthStencilDescCreator.cpp">
      <Filter>ソース ファイル</Filter>
    </ClCompile>
    <ClCompile Include="M\lowerLayer\engineCore\VpShader\shaderData\shaderDataBehavior.cpp">
      <Filter>ソース ファイル</Filter>
    </ClCompile>
    <ClCompile Include="external\imgui\imgui.cpp">
      <Filter>ソース ファイル</Filter>
    </ClCompile>
    <ClCompile Include="external\imgui\imgui_demo.cpp">
      <Filter>ソース ファイル</Filter>
    </ClCompile>
    <ClCompile Include="external\imgui\imgui_impl_dx12.cpp">
      <Filter>ソース ファイル</Filter>
    </ClCompile>
    <ClCompile Include="external\imgui\imgui_impl_win32.cpp">
      <Filter>ソース ファイル</Filter>
    </ClCompile>
    <ClCompile Include="external\imgui\imgui_tables.cpp">
      <Filter>ソース ファイル</Filter>
    </ClCompile>
    <ClCompile Include="external\imgui\imgui_widgets.cpp">
      <Filter>ソース ファイル</Filter>
    </ClCompile>
    <ClCompile Include="external\imgui\imgui_draw.cpp">
      <Filter>ソース ファイル</Filter>
    </ClCompile>
    <ClCompile Include="M\lowerLayer\engineCore\Buffer\constantBuffer\MatrixBuffer\MatrixBuffer.cpp">
      <Filter>ソース ファイル</Filter>
    </ClCompile>
    <ClCompile Include="M\lowerLayer\engineCore\Buffer\constantBuffer\MaterialBuffer\MaterialBuffer.cpp">
      <Filter>ソース ファイル</Filter>
    </ClCompile>
    <ClCompile Include="M\lowerLayer\engineCore\Mesh\allMesh\primitiveMeshes\triangleMesh\triangleMesh.cpp">
      <Filter>ソース ファイル</Filter>
    </ClCompile>
    <ClCompile Include="M\lowerLayer\engineCore\Mesh\allMesh\primitiveMeshes\quadMesh\quadMesh.cpp">
      <Filter>ソース ファイル</Filter>
    </ClCompile>
    <ClCompile Include="M\lowerLayer\engineCore\Buffer\gpuResources\Resource\depthBuffer\depthBuffer.cpp">
      <Filter>ソース ファイル</Filter>
    </ClCompile>
    <ClCompile Include="M\lowerLayer\engineCore\Mesh\allMesh\allMesh.cpp">
      <Filter>ソース ファイル</Filter>
    </ClCompile>
    <ClCompile Include="M\lowerLayer\engineCore\Render\textureSystems\textureDataManager\textureDataManager.cpp">
      <Filter>ソース ファイル</Filter>
    </ClCompile>
    <ClCompile Include="M\lowerLayer\engineCore\Buffer\gpuResources\Resource\shaderBuffer\shaderBuffer.cpp">
      <Filter>ソース ファイル</Filter>
    </ClCompile>
    <ClCompile Include="M\utilities\convertString\convertString.cpp">
      <Filter>ソース ファイル</Filter>
    </ClCompile>
    <ClCompile Include="M\lowerLayer\ResourceContainer\ResourceContainer.cpp">
      <Filter>ソース ファイル</Filter>
    </ClCompile>
    <ClCompile Include="M\lowerLayer\M.cpp">
      <Filter>ソース ファイル</Filter>
    </ClCompile>
    <ClCompile Include="M\utilities\Transform\Transform.cpp">
      <Filter>ソース ファイル</Filter>
    </ClCompile>
    <ClCompile Include="M\utilities\Quaternion\Quaternion.cpp">
      <Filter>ソース ファイル</Filter>
    </ClCompile>
    <ClCompile Include="M\utilities\ConvertToRadian\ConvertToRadian.cpp">
      <Filter>ソース ファイル</Filter>
    </ClCompile>
    <ClCompile Include="M\utilities\UVTransform\UVTransform.cpp">
      <Filter>ソース ファイル</Filter>
    </ClCompile>
    <ClCompile Include="M\lowerLayer\Model\MobilePrimitive\MobileBehavior.cpp">
      <Filter>ソース ファイル</Filter>
    </ClCompile>
    <ClCompile Include="M\lowerLayer\Model\MobilePrimitive\MobileTriangle\MobileTriangleBehavior.cpp">
      <Filter>ソース ファイル</Filter>
    </ClCompile>
    <ClCompile Include="M\lowerLayer\Model\MobilePrimitive\MobileTriangle\MTriangle\MTriangle.cpp">
      <Filter>ソース ファイル</Filter>
    </ClCompile>
    <ClCompile Include="M\lowerLayer\engineCore\Render\ExclusiveDraw\ExclusiveDraw.cpp">
      <Filter>ソース ファイル</Filter>
    </ClCompile>
    <ClCompile Include="M\lowerLayer\Camera\CameraBehavior.cpp">
      <Filter>ソース ファイル</Filter>
    </ClCompile>
    <ClCompile Include="M\lowerLayer\Camera\NormalCamera\NormalCamera.cpp">
      <Filter>ソース ファイル</Filter>
    </ClCompile>
    <ClCompile Include="M\lowerLayer\Model\MobilePrimitive\MobileQuad\MobileQuadBehavior.cpp">
      <Filter>ソース ファイル</Filter>
    </ClCompile>
    <ClCompile Include="M\lowerLayer\Model\MobilePrimitive\MobileQuad\MQuad\MQuad.cpp">
      <Filter>ソース ファイル</Filter>
    </ClCompile>
    <ClCompile Include="M\lowerLayer\engineCore\Render\CommonDrawingSystem\CommonDrawSystem.cpp">
      <Filter>ソース ファイル</Filter>
    </ClCompile>
    <ClCompile Include="M\lowerLayer\DrawExecutor\DrawExecutor.cpp">
      <Filter>ソース ファイル</Filter>
    </ClCompile>
    <ClCompile Include="M\lowerLayer\Scene\SceneBehavior\SceneBehavior.cpp">
      <Filter>ソース ファイル</Filter>
    </ClCompile>
    <ClCompile Include="M\lowerLayer\Scene\SceneController\SceneController.cpp">
      <Filter>ソース ファイル</Filter>
    </ClCompile>
    <ClCompile Include="M\lowerLayer\Scene\SceneController\RunSpeedChanger\RunSpeedChanger.cpp">
      <Filter>ソース ファイル</Filter>
    </ClCompile>
    <ClCompile Include="M\lowerLayer\Scene\SceneController\GuiCollecter\GuiCollecter.cpp">
      <Filter>ソース ファイル</Filter>
    </ClCompile>
    <ClCompile Include="M\lowerLayer\Scene\SampleScene\SampleScene.cpp">
      <Filter>ソース ファイル</Filter>
    </ClCompile>
    <ClCompile Include="M\lowerLayer\Scene\SampleScene\SampleSceneConstructor.cpp">
      <Filter>ソース ファイル</Filter>
    </ClCompile>
    <ClCompile Include="M\lowerLayer\engineCore\Mesh\allMesh\ParticleMesh2D\TestParticleMesh\TestParticleMesh.cpp">
      <Filter>ソース ファイル</Filter>
    </ClCompile>
    <ClCompile Include="M\lowerLayer\engineCore\Mesh\allMesh\ParticleMesh2D\ParticleMesh2DCommon.cpp">
      <Filter>ソース ファイル</Filter>
    </ClCompile>
    <ClCompile Include="M\lowerLayer\engineCore\Buffer\gpuResources\Data\ShaderBufferData\ShaderBufferData.cpp">
      <Filter>ソース ファイル</Filter>
    </ClCompile>
    <ClCompile Include="M\lowerLayer\engineCore\Buffer\gpuResources\Creator\SrvCreator\ParticleMeshSrvCreator\ParticleMeshSrvCreator.cpp">
      <Filter>ソース ファイル</Filter>
    </ClCompile>
    <ClCompile Include="M\lowerLayer\engineCore\Mesh\meshStructure\TransformMatrix\TransformMatrix.cpp">
      <Filter>ソース ファイル</Filter>
    </ClCompile>
    <ClCompile Include="M\lowerLayer\engineCore\Buffer\constantBuffer\TransformMatrixBuffer\TransformMatrixBuffer.cpp">
      <Filter>ソース ファイル</Filter>
    </ClCompile>
    <ClCompile Include="M\lowerLayer\Particle\2D\ParticleBehavior2D.cpp">
      <Filter>ソース ファイル</Filter>
    </ClCompile>
    <ClCompile Include="M\lowerLayer\Particle\2D\TestParticle\TestParticle.cpp">
      <Filter>ソース ファイル</Filter>
    </ClCompile>
    <ClCompile Include="M\lowerLayer\engineCore\Buffer\gpuResources\Creator\SrvCreator\SrvCreatorBehavior.cpp">
      <Filter>ソース ファイル</Filter>
    </ClCompile>
    <ClCompile Include="M\lowerLayer\engineCore\Buffer\gpuResources\Creator\SrvCreator\TextureSrvCreator\TextureSrvCreator.cpp">
      <Filter>ソース ファイル</Filter>
    </ClCompile>
    <ClCompile Include="M\lowerLayer\engineCore\Buffer\gpuResources\Creator\SrvCreator\SrvCreator.cpp">
      <Filter>ソース ファイル</Filter>
    </ClCompile>
    <ClCompile Include="M\lowerLayer\engineCore\Buffer\StructuredBuffer\StructuredBufferAndMap.cpp">
      <Filter>ソース ファイル</Filter>
    </ClCompile>
    <ClCompile Include="M\lowerLayer\engineCore\Buffer\StructuredBuffer\TransformMatrixStructuredBuffer\TransformMatrixStructuredBuffer.cpp">
      <Filter>ソース ファイル</Filter>
    </ClCompile>
    <ClCompile Include="M\lowerLayer\Audio\AudioHandle.cpp">
      <Filter>ソース ファイル</Filter>
    </ClCompile>
    <ClCompile Include="M\lowerLayer\Audio\AudioManager.cpp">
      <Filter>ソース ファイル</Filter>
    </ClCompile>
    <ClCompile Include="M\lowerLayer\Audio\AudioPlayer.cpp">
      <Filter>ソース ファイル</Filter>
    </ClCompile>
    <ClCompile Include="M\lowerLayer\Audio\MediaAudioDecoder.cpp">
      <Filter>ソース ファイル</Filter>
    </ClCompile>
    <ClCompile Include="M\lowerLayer\engineCore\Mesh\allMesh\MeshForModel\MeshForModelCommon.cpp">
      <Filter>ソース ファイル</Filter>
    </ClCompile>
  </ItemGroup>
  <ItemGroup>
    <ClInclude Include="M\lowerLayer\math\matrix\matrix.h">
      <Filter>ヘッダー ファイル</Filter>
    </ClInclude>
    <ClInclude Include="M\lowerLayer\math\vector\vector.h">
      <Filter>ヘッダー ファイル</Filter>
    </ClInclude>
    <ClInclude Include="M\utilities\vectorAndMatrix\vectorAndMatrix.h">
      <Filter>ヘッダー ファイル</Filter>
    </ClInclude>
    <ClInclude Include="M\commonVariables.h">
      <Filter>ヘッダー ファイル</Filter>
    </ClInclude>
    <ClInclude Include="M\lowerLayer\engineCore\WinApp.h">
      <Filter>ヘッダー ファイル</Filter>
    </ClInclude>
    <ClInclude Include="M\lowerLayer\engineCore\Essential\SwapChainControl\SwapChainControl.h">
      <Filter>ヘッダー ファイル</Filter>
    </ClInclude>
    <ClInclude Include="M\lowerLayer\engineCore\Essential\logAndException\detectException.h">
      <Filter>ヘッダー ファイル</Filter>
    </ClInclude>
    <ClInclude Include="M\lowerLayer\engineCore\Essential\logAndException\outputDebugLog.h">
      <Filter>ヘッダー ファイル</Filter>
    </ClInclude>
    <ClInclude Include="M\lowerLayer\engineCore\Essential\leakChecker\leakChecker.h">
      <Filter>ヘッダー ファイル</Filter>
    </ClInclude>
    <ClInclude Include="M\lowerLayer\engineCore\Essential\FenceControl\FenceControl.h">
      <Filter>ヘッダー ファイル</Filter>
    </ClInclude>
    <ClInclude Include="M\lowerLayer\engineCore\Essential\deviceSetUp\deviceSetUp.h">
      <Filter>ヘッダー ファイル</Filter>
    </ClInclude>
    <ClInclude Include="M\lowerLayer\engineCore\Essential\CommandControl\CommandControl.h">
      <Filter>ヘッダー ファイル</Filter>
    </ClInclude>
    <ClInclude Include="M\lowerLayer\engineCore\Buffer\gpuResources\Resource\gpuResourcesBehavior.h">
      <Filter>ヘッダー ファイル</Filter>
    </ClInclude>
    <ClInclude Include="M\lowerLayer\engineCore\Buffer\gpuResources\Resource\colorBuffer\colorBuffer.h">
      <Filter>ヘッダー ファイル</Filter>
    </ClInclude>
    <ClInclude Include="M\lowerLayer\engineCore\Essential\dxCompile\dxCompile.h">
      <Filter>ヘッダー ファイル</Filter>
    </ClInclude>
    <ClInclude Include="M\lowerLayer\engineCore\DescriptorHeap\descriptorHeapBehavior.h">
      <Filter>ヘッダー ファイル</Filter>
    </ClInclude>
    <ClInclude Include="M\lowerLayer\engineCore\DescriptorHeap\rtvDescriptorHeap\rtvDescriptorHeap.h">
      <Filter>ヘッダー ファイル</Filter>
    </ClInclude>
    <ClInclude Include="M\lowerLayer\engineCore\DescriptorHeap\srvDescriptorHeap\srvDescriptorHeap.h">
      <Filter>ヘッダー ファイル</Filter>
    </ClInclude>
    <ClInclude Include="M\lowerLayer\engineCore\DescriptorHeap\dsvDescriptorHeap\dsvDescriptorHeap.h">
      <Filter>ヘッダー ファイル</Filter>
    </ClInclude>
    <ClInclude Include="M\lowerLayer\engineCore\Essential\BarrierControl\BarrierControl.h">
      <Filter>ヘッダー ファイル</Filter>
    </ClInclude>
    <ClInclude Include="M\lowerLayer\engineCore\VpShader\shaderData\pixelShaderData\pixelShaderData.h">
      <Filter>ヘッダー ファイル</Filter>
    </ClInclude>
    <ClInclude Include="M\lowerLayer\engineCore\VpShader\shaderData\vertexShaderData\vertexShaderData.h">
      <Filter>ヘッダー ファイル</Filter>
    </ClInclude>
    <ClInclude Include="M\lowerLayer\engineCore\PSO\pipelineSet\pipelineSet.h">
      <Filter>ヘッダー ファイル</Filter>
    </ClInclude>
    <ClInclude Include="M\lowerLayer\engineCore\VpShader\vpShaderTable\vpShaderTable.h">
      <Filter>ヘッダー ファイル</Filter>
    </ClInclude>
    <ClInclude Include="M\lowerLayer\engineCore\Mesh\meshStructure\vertexData\VertexData.h">
      <Filter>ヘッダー ファイル</Filter>
    </ClInclude>
    <ClInclude Include="M\lowerLayer\engineCore\VpShader\vpShaders.h">
      <Filter>ヘッダー ファイル</Filter>
    </ClInclude>
    <ClInclude Include="M\lowerLayer\engineCore\PSO\allPipelineSet.h">
      <Filter>ヘッダー ファイル</Filter>
    </ClInclude>
    <ClInclude Include="M\lowerLayer\engineCore\Mesh\meshStructure\material\material.h">
      <Filter>ヘッダー ファイル</Filter>
    </ClInclude>
    <ClInclude Include="M\lowerLayer\engineCore\Mesh\meshStructure\materialForLine\materialForLine.h">
      <Filter>ヘッダー ファイル</Filter>
    </ClInclude>
    <ClInclude Include="M\lowerLayer\engineCore\Mesh\meshStructure\vertexDataForLine\vertexDataForLine.h">
      <Filter>ヘッダー ファイル</Filter>
    </ClInclude>
    <ClInclude Include="M\lowerLayer\engineCore\Mesh\allMesh\primitiveMeshes\PrimitiveMeshCommon.h">
      <Filter>ヘッダー ファイル</Filter>
    </ClInclude>
    <ClInclude Include="M\lowerLayer\engineCore\Buffer\constantBuffer\bufferAndMap.h">
      <Filter>ヘッダー ファイル</Filter>
    </ClInclude>
    <ClInclude Include="M\lowerLayer\engineCore\PSO\pipelineCreators\rootSignatureCreator\rootSignatureCreator.h">
      <Filter>ヘッダー ファイル</Filter>
    </ClInclude>
    <ClInclude Include="M\lowerLayer\engineCore\PSO\pipelineCreators\inputLayoutDescCreator\inputLayoutDescCreator.h">
      <Filter>ヘッダー ファイル</Filter>
    </ClInclude>
    <ClInclude Include="M\lowerLayer\engineCore\PSO\pipelineCreators\pipelineCreators.h">
      <Filter>ヘッダー ファイル</Filter>
    </ClInclude>
    <ClInclude Include="M\lowerLayer\engineCore\PSO\pipelineCreators\blendDescCreator\blendDescCreator.h">
      <Filter>ヘッダー ファイル</Filter>
    </ClInclude>
    <ClInclude Include="M\lowerLayer\engineCore\PSO\pipelineCreators\pipelineComponents.h">
      <Filter>ヘッダー ファイル</Filter>
    </ClInclude>
    <ClInclude Include="M\lowerLayer\engineCore\PSO\pipelineCreators\rasterizerDescCreator\rasterizerDescCreator.h">
      <Filter>ヘッダー ファイル</Filter>
    </ClInclude>
    <ClInclude Include="M\lowerLayer\engineCore\PSO\pipelineCreators\depthStencilDescCreator\depthStencilDescCreator.h">
      <Filter>ヘッダー ファイル</Filter>
    </ClInclude>
    <ClInclude Include="M\utilities\benriTemplateFunc\benriTempFunc.h">
      <Filter>ヘッダー ファイル</Filter>
    </ClInclude>
    <ClInclude Include="M\lowerLayer\engineCore\VpShader\shaderData\shaderDataBehavior.h">
      <Filter>ヘッダー ファイル</Filter>
    </ClInclude>
    <ClInclude Include="external\imgui\imconfig.h">
      <Filter>ヘッダー ファイル</Filter>
    </ClInclude>
    <ClInclude Include="external\imgui\imgui.h">
      <Filter>ヘッダー ファイル</Filter>
    </ClInclude>
    <ClInclude Include="external\imgui\imgui_impl_dx12.h">
      <Filter>ヘッダー ファイル</Filter>
    </ClInclude>
    <ClInclude Include="external\imgui\imgui_impl_win32.h">
      <Filter>ヘッダー ファイル</Filter>
    </ClInclude>
    <ClInclude Include="external\imgui\imgui_internal.h">
      <Filter>ヘッダー ファイル</Filter>
    </ClInclude>
    <ClInclude Include="external\imgui\imstb_rectpack.h">
      <Filter>ヘッダー ファイル</Filter>
    </ClInclude>
    <ClInclude Include="external\imgui\imstb_textedit.h">
      <Filter>ヘッダー ファイル</Filter>
    </ClInclude>
    <ClInclude Include="external\imgui\imstb_truetype.h">
      <Filter>ヘッダー ファイル</Filter>
    </ClInclude>
    <ClInclude Include="M\lowerLayer\engineCore\Buffer\constantBuffer\MatrixBuffer\MatrixBuffer.h">
      <Filter>ヘッダー ファイル</Filter>
    </ClInclude>
    <ClInclude Include="M\lowerLayer\engineCore\Buffer\constantBuffer\MaterialBuffer\MaterialBuffer.h">
      <Filter>ヘッダー ファイル</Filter>
    </ClInclude>
    <ClInclude Include="M\lowerLayer\engineCore\Mesh\allMesh\primitiveMeshes\triangleMesh\triangleMesh.h">
      <Filter>ヘッダー ファイル</Filter>
    </ClInclude>
    <ClInclude Include="M\lowerLayer\engineCore\Mesh\allMesh\primitiveMeshes\quadMesh\quadMesh.h">
      <Filter>ヘッダー ファイル</Filter>
    </ClInclude>
    <ClInclude Include="M\lowerLayer\engineCore\Buffer\gpuResources\Resource\depthBuffer\depthBuffer.h">
      <Filter>ヘッダー ファイル</Filter>
    </ClInclude>
    <ClInclude Include="M\lowerLayer\engineCore\Mesh\allMesh\allMesh.h">
      <Filter>ヘッダー ファイル</Filter>
    </ClInclude>
    <ClInclude Include="M\lowerLayer\engineCore\Render\textureSystems\textureDataManager\textureDataManager.h">
      <Filter>ヘッダー ファイル</Filter>
    </ClInclude>
    <ClInclude Include="M\lowerLayer\engineCore\Buffer\gpuResources\Resource\shaderBuffer\shaderBuffer.h">
      <Filter>ヘッダー ファイル</Filter>
    </ClInclude>
    <ClInclude Include="M\utilities\convertString\convertString.h">
      <Filter>ヘッダー ファイル</Filter>
    </ClInclude>
    <ClInclude Include="M\lowerLayer\ResourceContainer\ResourceContainer.h">
      <Filter>ヘッダー ファイル</Filter>
    </ClInclude>
    <ClInclude Include="M\lowerLayer\M.h">
      <Filter>ヘッダー ファイル</Filter>
    </ClInclude>
    <ClInclude Include="M\utilities\Transform\Transform.h">
      <Filter>ヘッダー ファイル</Filter>
    </ClInclude>
    <ClInclude Include="M\utilities\Quaternion\Quaternion.h">
      <Filter>ヘッダー ファイル</Filter>
    </ClInclude>
    <ClInclude Include="M\utilities\ConvertToRadian\ConvertToRadian.h">
      <Filter>ヘッダー ファイル</Filter>
    </ClInclude>
    <ClInclude Include="M\utilities\UVTransform\UVTransform.h">
      <Filter>ヘッダー ファイル</Filter>
    </ClInclude>
    <ClInclude Include="M\lowerLayer\Model\MobilePrimitive\MobileBehavior.h">
      <Filter>ヘッダー ファイル</Filter>
    </ClInclude>
    <ClInclude Include="M\lowerLayer\Model\MobilePrimitive\MobileTriangle\MobileTriangleBehavior.h">
      <Filter>ヘッダー ファイル</Filter>
    </ClInclude>
    <ClInclude Include="M\lowerLayer\Model\MobilePrimitive\MobileTriangle\MTriangle\MTriangle.h">
      <Filter>ヘッダー ファイル</Filter>
    </ClInclude>
    <ClInclude Include="M\lowerLayer\engineCore\Render\ExclusiveDraw\ExclusiveDraw.h">
      <Filter>ヘッダー ファイル</Filter>
    </ClInclude>
    <ClInclude Include="M\lowerLayer\Camera\CameraBehavior.h">
      <Filter>ヘッダー ファイル</Filter>
    </ClInclude>
    <ClInclude Include="M\lowerLayer\Camera\NormalCamera\NormalCamera.h">
      <Filter>ヘッダー ファイル</Filter>
    </ClInclude>
    <ClInclude Include="M\lowerLayer\Model\MobilePrimitive\MobileQuad\MobileQuadBehavior.h">
      <Filter>ヘッダー ファイル</Filter>
    </ClInclude>
    <ClInclude Include="M\lowerLayer\Model\MobilePrimitive\MobileQuad\MQuad\MQuad.h">
      <Filter>ヘッダー ファイル</Filter>
    </ClInclude>
    <ClInclude Include="M\lowerLayer\engineCore\Render\CommonDrawingSystem\CommonDrawSystem.h">
      <Filter>ヘッダー ファイル</Filter>
    </ClInclude>
    <ClInclude Include="M\lowerLayer\DrawExecutor\DrawExecutor.h">
      <Filter>ヘッダー ファイル</Filter>
    </ClInclude>
    <ClInclude Include="M\lowerLayer\Scene\SceneBehavior\SceneBehavior.h">
      <Filter>ヘッダー ファイル</Filter>
    </ClInclude>
    <ClInclude Include="M\lowerLayer\Scene\SceneController\SceneController.h">
      <Filter>ヘッダー ファイル</Filter>
    </ClInclude>
    <ClInclude Include="M\lowerLayer\Scene\SceneController\RunSpeedChanger\RunSpeedChanger.h">
      <Filter>ヘッダー ファイル</Filter>
    </ClInclude>
    <ClInclude Include="M\lowerLayer\Scene\SceneController\GuiCollecter\GuiCollecter.h">
      <Filter>ヘッダー ファイル</Filter>
    </ClInclude>
    <ClInclude Include="M\lowerLayer\Scene\SampleScene\SampleScene.h">
      <Filter>ヘッダー ファイル</Filter>
    </ClInclude>
    <ClInclude Include="M\lowerLayer\Scene\FwdScenes.h">
      <Filter>ヘッダー ファイル</Filter>
    </ClInclude>
    <ClInclude Include="M\lowerLayer\engineCore\Mesh\allMesh\ParticleMesh2D\TestParticleMesh\TestParticleMesh.h">
      <Filter>ヘッダー ファイル</Filter>
    </ClInclude>
    <ClInclude Include="M\lowerLayer\engineCore\Mesh\allMesh\ParticleMesh2D\ParticleMesh2DCommon.h">
      <Filter>ヘッダー ファイル</Filter>
    </ClInclude>
    <ClInclude Include="M\lowerLayer\engineCore\Buffer\gpuResources\Data\ShaderBufferData\ShaderBufferData.h">
      <Filter>ヘッダー ファイル</Filter>
    </ClInclude>
    <ClInclude Include="M\lowerLayer\engineCore\Buffer\gpuResources\Creator\SrvCreator\ParticleMeshSrvCreator\ParticleMeshSrvCreator.h">
      <Filter>ヘッダー ファイル</Filter>
    </ClInclude>
    <ClInclude Include="M\lowerLayer\engineCore\Mesh\meshStructure\TransformMatrix\TransformMatrix.h">
      <Filter>ヘッダー ファイル</Filter>
    </ClInclude>
    <ClInclude Include="M\lowerLayer\engineCore\Buffer\constantBuffer\TransformMatrixBuffer\TransformMatrixBuffer.h">
      <Filter>ヘッダー ファイル</Filter>
    </ClInclude>
    <ClInclude Include="M\lowerLayer\Particle\2D\ParticleBehavior2D.h">
      <Filter>ヘッダー ファイル</Filter>
    </ClInclude>
    <ClInclude Include="M\lowerLayer\Particle\2D\TestParticle\TestParticle.h">
      <Filter>ヘッダー ファイル</Filter>
    </ClInclude>
    <ClInclude Include="M\lowerLayer\engineCore\Buffer\gpuResources\Creator\SrvCreator\SrvCreatorBehavior.h">
      <Filter>ヘッダー ファイル</Filter>
    </ClInclude>
    <ClInclude Include="M\lowerLayer\engineCore\Buffer\gpuResources\Creator\SrvCreator\TextureSrvCreator\TextureSrvCreator.h">
      <Filter>ヘッダー ファイル</Filter>
    </ClInclude>
    <ClInclude Include="M\lowerLayer\engineCore\Buffer\gpuResources\Creator\SrvCreator\SrvCreator.h">
      <Filter>ヘッダー ファイル</Filter>
    </ClInclude>
    <ClInclude Include="M\lowerLayer\engineCore\Buffer\StructuredBuffer\StructuredBufferAndMap.h">
      <Filter>ヘッダー ファイル</Filter>
    </ClInclude>
    <ClInclude Include="M\lowerLayer\engineCore\Buffer\StructuredBuffer\TransformMatrixStructuredBuffer\TransformMatrixStructuredBuffer.h">
      <Filter>ヘッダー ファイル</Filter>
    </ClInclude>
    <ClInclude Include="M\lowerLayer\Audio\AudioHandle.h">
      <Filter>ヘッダー ファイル</Filter>
    </ClInclude>
    <ClInclude Include="M\lowerLayer\Audio\AudioManager.h">
      <Filter>ヘッダー ファイル</Filter>
    </ClInclude>
    <ClInclude Include="M\lowerLayer\Audio\AudioPlayer.h">
      <Filter>ヘッダー ファイル</Filter>
    </ClInclude>
    <ClInclude Include="M\lowerLayer\Audio\MediaAudioDecoder.h">
      <Filter>ヘッダー ファイル</Filter>
    </ClInclude>
    <ClInclude Include="M\lowerLayer\engineCore\Mesh\allMesh\MeshForModel\MeshForModelCommon.h">
      <Filter>ヘッダー ファイル</Filter>
    </ClInclude>
  </ItemGroup>
  <ItemGroup>
    <None Include="external\imgui\imgui.vcxproj" />
    <None Include="external\imgui\imgui.vcxproj.filters" />
  </ItemGroup>
</Project>