<?xml version="1.0" encoding="utf-8"?>
<Project ToolsVersion="4.0" xmlns="http://schemas.microsoft.com/developer/msbuild/2003">
  <ItemGroup>
    <Filter Include="ソース ファイル">
      <UniqueIdentifier>{4FC737F1-C7A5-4376-A066-2A32D752A2FF}</UniqueIdentifier>
      <Extensions>cpp;c;cc;cxx;c++;cppm;ixx;def;odl;idl;hpj;bat;asm;asmx</Extensions>
    </Filter>
    <Filter Include="ヘッダー ファイル">
      <UniqueIdentifier>{93995380-89BD-4b04-88EB-625FBE52EBFB}</UniqueIdentifier>
      <Extensions>h;hh;hpp;hxx;h++;hm;inl;inc;ipp;xsd</Extensions>
    </Filter>
    <Filter Include="リソース ファイル">
      <UniqueIdentifier>{67DA6AB6-F800-4c08-8B7A-83BB121AAD01}</UniqueIdentifier>
      <Extensions>rc;ico;cur;bmp;dlg;rc2;rct;bin;rgs;gif;jpg;jpeg;jpe;resx;tiff;tif;png;wav;mfcribbon-ms</Extensions>
    </Filter>
  </ItemGroup>
  <ItemGroup>
    <ClCompile Include="main.cpp">
      <Filter>ソース ファイル</Filter>
    </ClCompile>
    <ClCompile Include="M\lowerLayer\math\matrix\matrix.cpp">
      <Filter>ソース ファイル</Filter>
    </ClCompile>
    <ClCompile Include="M\lowerLayer\math\vector\vector.cpp">
      <Filter>ソース ファイル</Filter>
    </ClCompile>
    <ClCompile Include="M\utilities\vectorAndMatrix\vectorAndMatrix.cpp">
      <Filter>ソース ファイル</Filter>
    </ClCompile>
    <ClCompile Include="M\commonVariables.cpp">
      <Filter>ソース ファイル</Filter>
    </ClCompile>
    <ClCompile Include="M\lowerLayer\engineCore\WinApp.cpp">
      <Filter>ソース ファイル</Filter>
    </ClCompile>
    <ClCompile Include="M\lowerLayer\engineCore\swapChainControll\swapChainControll.cpp">
      <Filter>ソース ファイル</Filter>
    </ClCompile>
    <ClCompile Include="M\lowerLayer\engineCore\logAndException\detectException.cpp">
      <Filter>ソース ファイル</Filter>
    </ClCompile>
    <ClCompile Include="M\lowerLayer\engineCore\logAndException\outputDebugLog.cpp">
      <Filter>ソース ファイル</Filter>
    </ClCompile>
    <ClCompile Include="M\lowerLayer\engineCore\leakChecker\leakChecker.cpp">
      <Filter>ソース ファイル</Filter>
    </ClCompile>
    <ClCompile Include="M\lowerLayer\engineCore\fenceControll\fenceControll.cpp">
      <Filter>ソース ファイル</Filter>
    </ClCompile>
    <ClCompile Include="M\lowerLayer\engineCore\deviceSetUp\deviceSetUp.cpp">
      <Filter>ソース ファイル</Filter>
    </ClCompile>
    <ClCompile Include="M\lowerLayer\engineCore\commandControll\commandControll.cpp">
      <Filter>ソース ファイル</Filter>
    </ClCompile>
    <ClCompile Include="M\lowerLayer\engineCore\gpuResources\gpuResourcesBehavior.cpp">
      <Filter>ソース ファイル</Filter>
    </ClCompile>
    <ClCompile Include="M\lowerLayer\engineCore\gpuResources\colorBuffer\colorBuffer.cpp">
      <Filter>ソース ファイル</Filter>
    </ClCompile>
    <ClCompile Include="M\lowerLayer\engineCore\dxCompile\dxCompile.cpp">
      <Filter>ソース ファイル</Filter>
    </ClCompile>
    <ClCompile Include="M\lowerLayer\engineCore\allDescriptorHeap\descriptorHeapBehavior.cpp">
      <Filter>ソース ファイル</Filter>
    </ClCompile>
    <ClCompile Include="M\lowerLayer\engineCore\allDescriptorHeap\rtvDescriptorHeap\rtvDescriptorHeap.cpp">
      <Filter>ソース ファイル</Filter>
    </ClCompile>
    <ClCompile Include="M\lowerLayer\engineCore\allDescriptorHeap\srvDescriptorHeap\srvDescriptorHeap.cpp">
      <Filter>ソース ファイル</Filter>
    </ClCompile>
    <ClCompile Include="M\lowerLayer\engineCore\allDescriptorHeap\dsvDescriptorHeap\dsvDescriptorHeap.cpp">
      <Filter>ソース ファイル</Filter>
    </ClCompile>
    <ClCompile Include="M\lowerLayer\engineCore\barrierControll\barrierControll.cpp">
      <Filter>ソース ファイル</Filter>
    </ClCompile>
    <ClCompile Include="M\lowerLayer\engineCore\allShaderData\shaderData\pixelShaderData\pixelShaderData.cpp">
      <Filter>ソース ファイル</Filter>
    </ClCompile>
    <ClCompile Include="M\lowerLayer\engineCore\allShaderData\shaderData\vertexShaderData\vertexShaderData.cpp">
      <Filter>ソース ファイル</Filter>
    </ClCompile>
    <ClCompile Include="M\lowerLayer\engineCore\allPipelineSet\pipelineSet\pipelineSet.cpp">
      <Filter>ソース ファイル</Filter>
    </ClCompile>
    <ClCompile Include="M\lowerLayer\engineCore\allShaderData\vpShaderTable\vpShaderTable.cpp">
      <Filter>ソース ファイル</Filter>
    </ClCompile>
    <ClCompile Include="M\lowerLayer\engineCore\meshStructure\vertexData\VertexData.cpp">
      <Filter>ソース ファイル</Filter>
    </ClCompile>
    <ClCompile Include="M\lowerLayer\engineCore\allShaderData\vpShaders.cpp">
      <Filter>ソース ファイル</Filter>
    </ClCompile>
    <ClCompile Include="M\lowerLayer\engineCore\allPipelineSet\allPipelineSet.cpp">
      <Filter>ソース ファイル</Filter>
    </ClCompile>
    <ClCompile Include="M\lowerLayer\engineCore\meshStructure\material\material.cpp">
      <Filter>ソース ファイル</Filter>
    </ClCompile>
    <ClCompile Include="M\lowerLayer\engineCore\meshStructure\materialForLine\materialForLine.cpp">
      <Filter>ソース ファイル</Filter>
    </ClCompile>
    <ClCompile Include="M\lowerLayer\engineCore\meshStructure\vertexDataForLine\vertexDataForLine.cpp">
      <Filter>ソース ファイル</Filter>
    </ClCompile>
    <ClCompile Include="M\lowerLayer\engineCore\primitiveMeshes\PrimitiveMeshCommon.cpp">
      <Filter>ソース ファイル</Filter>
    </ClCompile>
    <ClCompile Include="M\lowerLayer\engineCore\bufferAndMap\bufferAndMap.cpp">
      <Filter>ソース ファイル</Filter>
    </ClCompile>
    <ClCompile Include="M\lowerLayer\engineCore\allPipelineSet\pipelineSet\pipelineCreators\rootSignatureCreator\rootSignatureCreator.cpp">
      <Filter>ソース ファイル</Filter>
    </ClCompile>
    <ClCompile Include="M\lowerLayer\engineCore\allPipelineSet\pipelineSet\pipelineCreators\inputLayoutDescCreator\inputLayoutDescCreator.cpp">
      <Filter>ソース ファイル</Filter>
    </ClCompile>
    <ClCompile Include="M\lowerLayer\engineCore\allPipelineSet\pipelineSet\pipelineCreators\pipelineCreators.cpp">
      <Filter>ソース ファイル</Filter>
    </ClCompile>
    <ClCompile Include="M\lowerLayer\engineCore\allPipelineSet\pipelineSet\pipelineCreators\blendDescCreator\blendDescCreator.cpp">
      <Filter>ソース ファイル</Filter>
    </ClCompile>
    <ClCompile Include="M\lowerLayer\engineCore\allPipelineSet\pipelineSet\pipelineCreators\pipelineComponents.cpp">
      <Filter>ソース ファイル</Filter>
    </ClCompile>
    <ClCompile Include="M\lowerLayer\engineCore\allPipelineSet\pipelineSet\pipelineCreators\rasterizerDescCreator\rasterizerDescCreator.cpp">
      <Filter>ソース ファイル</Filter>
    </ClCompile>
    <ClCompile Include="M\lowerLayer\engineCore\allPipelineSet\pipelineSet\pipelineCreators\depthStencilDescCreator\depthStencilDescCreator.cpp">
      <Filter>ソース ファイル</Filter>
    </ClCompile>
    <ClCompile Include="M\lowerLayer\engineCore\allShaderData\shaderData\shaderDataBehavior.cpp">
      <Filter>ソース ファイル</Filter>
    </ClCompile>
    <ClCompile Include="external\imgui\imgui.cpp">
      <Filter>ソース ファイル</Filter>
    </ClCompile>
    <ClCompile Include="external\imgui\imgui_demo.cpp">
      <Filter>ソース ファイル</Filter>
    </ClCompile>
    <ClCompile Include="external\imgui\imgui_impl_dx12.cpp">
      <Filter>ソース ファイル</Filter>
    </ClCompile>
    <ClCompile Include="external\imgui\imgui_impl_win32.cpp">
      <Filter>ソース ファイル</Filter>
    </ClCompile>
    <ClCompile Include="external\imgui\imgui_tables.cpp">
      <Filter>ソース ファイル</Filter>
    </ClCompile>
    <ClCompile Include="external\imgui\imgui_widgets.cpp">
      <Filter>ソース ファイル</Filter>
    </ClCompile>
    <ClCompile Include="external\imgui\imgui_draw.cpp">
      <Filter>ソース ファイル</Filter>
    </ClCompile>
    <ClCompile Include="M\lowerLayer\engineCore\constantBuffer\MatrixBuffer\MatrixBuffer.cpp">
      <Filter>ソース ファイル</Filter>
    </ClCompile>
    <ClCompile Include="M\lowerLayer\engineCore\constantBuffer\MaterialBuffer\MaterialBuffer.cpp">
      <Filter>ソース ファイル</Filter>
    </ClCompile>
    <ClCompile Include="M\lowerLayer\engineCore\primitiveMeshes\triangleMesh\triangleMesh.cpp">
      <Filter>ソース ファイル</Filter>
    </ClCompile>
    <ClCompile Include="M\lowerLayer\engineCore\primitiveMeshes\quadMesh\quadMesh.cpp">
      <Filter>ソース ファイル</Filter>
    </ClCompile>
    <ClCompile Include="M\lowerLayer\engineCore\gpuResources\depthBuffer\depthBuffer.cpp">
      <Filter>ソース ファイル</Filter>
    </ClCompile>
    <ClCompile Include="M\lowerLayer\engineCore\allMesh\allMesh.cpp">
      <Filter>ソース ファイル</Filter>
    </ClCompile>
    <ClCompile Include="M\lowerLayer\engineCore\textureSystems\textureDataCreator\textureDataCreator.cpp">
      <Filter>ソース ファイル</Filter>
    </ClCompile>
    <ClCompile Include="M\lowerLayer\engineCore\textureSystems\textureDataManager\textureDataManager.cpp">
      <Filter>ソース ファイル</Filter>
    </ClCompile>
    <ClCompile Include="M\lowerLayer\engineCore\gpuResources\shaderBuffer\shaderBuffer.cpp">
      <Filter>ソース ファイル</Filter>
    </ClCompile>
    <ClCompile Include="M\utilities\convertString\convertString.cpp">
      <Filter>ソース ファイル</Filter>
    </ClCompile>
  </ItemGroup>
  <ItemGroup>
    <ClInclude Include="M\lowerLayer\math\matrix\matrix.h">
      <Filter>ヘッダー ファイル</Filter>
    </ClInclude>
    <ClInclude Include="M\lowerLayer\math\vector\vector.h">
      <Filter>ヘッダー ファイル</Filter>
    </ClInclude>
    <ClInclude Include="M\utilities\vectorAndMatrix\vectorAndMatrix.h">
      <Filter>ヘッダー ファイル</Filter>
    </ClInclude>
    <ClInclude Include="M\commonVariables.h">
      <Filter>ヘッダー ファイル</Filter>
    </ClInclude>
    <ClInclude Include="M\lowerLayer\engineCore\WinApp.h">
      <Filter>ヘッダー ファイル</Filter>
    </ClInclude>
    <ClInclude Include="M\lowerLayer\engineCore\swapChainControll\swapChainControll.h">
      <Filter>ヘッダー ファイル</Filter>
    </ClInclude>
    <ClInclude Include="M\lowerLayer\engineCore\logAndException\detectException.h">
      <Filter>ヘッダー ファイル</Filter>
    </ClInclude>
    <ClInclude Include="M\lowerLayer\engineCore\logAndException\outputDebugLog.h">
      <Filter>ヘッダー ファイル</Filter>
    </ClInclude>
    <ClInclude Include="M\lowerLayer\engineCore\leakChecker\leakChecker.h">
      <Filter>ヘッダー ファイル</Filter>
    </ClInclude>
    <ClInclude Include="M\lowerLayer\engineCore\fenceControll\fenceControll.h">
      <Filter>ヘッダー ファイル</Filter>
    </ClInclude>
    <ClInclude Include="M\lowerLayer\engineCore\deviceSetUp\deviceSetUp.h">
      <Filter>ヘッダー ファイル</Filter>
    </ClInclude>
    <ClInclude Include="M\lowerLayer\engineCore\commandControll\commandControll.h">
      <Filter>ヘッダー ファイル</Filter>
    </ClInclude>
    <ClInclude Include="M\lowerLayer\engineCore\gpuResources\gpuResourcesBehavior.h">
      <Filter>ヘッダー ファイル</Filter>
    </ClInclude>
    <ClInclude Include="M\lowerLayer\engineCore\gpuResources\colorBuffer\colorBuffer.h">
      <Filter>ヘッダー ファイル</Filter>
    </ClInclude>
    <ClInclude Include="M\lowerLayer\engineCore\dxCompile\dxCompile.h">
      <Filter>ヘッダー ファイル</Filter>
    </ClInclude>
    <ClInclude Include="M\lowerLayer\engineCore\allDescriptorHeap\descriptorHeapBehavior.h">
      <Filter>ヘッダー ファイル</Filter>
    </ClInclude>
    <ClInclude Include="M\lowerLayer\engineCore\allDescriptorHeap\rtvDescriptorHeap\rtvDescriptorHeap.h">
      <Filter>ヘッダー ファイル</Filter>
    </ClInclude>
    <ClInclude Include="M\lowerLayer\engineCore\allDescriptorHeap\srvDescriptorHeap\srvDescriptorHeap.h">
      <Filter>ヘッダー ファイル</Filter>
    </ClInclude>
    <ClInclude Include="M\lowerLayer\engineCore\allDescriptorHeap\dsvDescriptorHeap\dsvDescriptorHeap.h">
      <Filter>ヘッダー ファイル</Filter>
    </ClInclude>
    <ClInclude Include="M\lowerLayer\engineCore\barrierControll\barrierControll.h">
      <Filter>ヘッダー ファイル</Filter>
    </ClInclude>
    <ClInclude Include="M\lowerLayer\engineCore\allShaderData\shaderData\pixelShaderData\pixelShaderData.h">
      <Filter>ヘッダー ファイル</Filter>
    </ClInclude>
    <ClInclude Include="M\lowerLayer\engineCore\allShaderData\shaderData\vertexShaderData\vertexShaderData.h">
      <Filter>ヘッダー ファイル</Filter>
    </ClInclude>
    <ClInclude Include="M\lowerLayer\engineCore\allPipelineSet\pipelineSet\pipelineSet.h">
      <Filter>ヘッダー ファイル</Filter>
    </ClInclude>
    <ClInclude Include="M\lowerLayer\engineCore\allShaderData\vpShaderTable\vpShaderTable.h">
      <Filter>ヘッダー ファイル</Filter>
    </ClInclude>
    <ClInclude Include="M\lowerLayer\engineCore\meshStructure\vertexData\VertexData.h">
      <Filter>ヘッダー ファイル</Filter>
    </ClInclude>
    <ClInclude Include="M\lowerLayer\engineCore\allShaderData\vpShaders.h">
      <Filter>ヘッダー ファイル</Filter>
    </ClInclude>
    <ClInclude Include="M\lowerLayer\engineCore\allPipelineSet\allPipelineSet.h">
      <Filter>ヘッダー ファイル</Filter>
    </ClInclude>
    <ClInclude Include="M\lowerLayer\engineCore\meshStructure\material\material.h">
      <Filter>ヘッダー ファイル</Filter>
    </ClInclude>
    <ClInclude Include="M\lowerLayer\engineCore\meshStructure\materialForLine\materialForLine.h">
      <Filter>ヘッダー ファイル</Filter>
    </ClInclude>
    <ClInclude Include="M\lowerLayer\engineCore\meshStructure\vertexDataForLine\vertexDataForLine.h">
      <Filter>ヘッダー ファイル</Filter>
    </ClInclude>
    <ClInclude Include="M\lowerLayer\engineCore\primitiveMeshes\PrimitiveMeshCommon.h">
      <Filter>ヘッダー ファイル</Filter>
    </ClInclude>
    <ClInclude Include="M\lowerLayer\engineCore\bufferAndMap\bufferAndMap.h">
      <Filter>ヘッダー ファイル</Filter>
    </ClInclude>
    <ClInclude Include="M\lowerLayer\engineCore\allPipelineSet\pipelineSet\pipelineCreators\rootSignatureCreator\rootSignatureCreator.h">
      <Filter>ヘッダー ファイル</Filter>
    </ClInclude>
    <ClInclude Include="M\lowerLayer\engineCore\allPipelineSet\pipelineSet\pipelineCreators\inputLayoutDescCreator\inputLayoutDescCreator.h">
      <Filter>ヘッダー ファイル</Filter>
    </ClInclude>
    <ClInclude Include="M\lowerLayer\engineCore\allPipelineSet\pipelineSet\pipelineCreators\pipelineCreators.h">
      <Filter>ヘッダー ファイル</Filter>
    </ClInclude>
    <ClInclude Include="M\lowerLayer\engineCore\allPipelineSet\pipelineSet\pipelineCreators\blendDescCreator\blendDescCreator.h">
      <Filter>ヘッダー ファイル</Filter>
    </ClInclude>
    <ClInclude Include="M\lowerLayer\engineCore\allPipelineSet\pipelineSet\pipelineCreators\pipelineComponents.h">
      <Filter>ヘッダー ファイル</Filter>
    </ClInclude>
    <ClInclude Include="M\lowerLayer\engineCore\allPipelineSet\pipelineSet\pipelineCreators\rasterizerDescCreator\rasterizerDescCreator.h">
      <Filter>ヘッダー ファイル</Filter>
    </ClInclude>
    <ClInclude Include="M\lowerLayer\engineCore\allPipelineSet\pipelineSet\pipelineCreators\depthStencilDescCreator\depthStencilDescCreator.h">
      <Filter>ヘッダー ファイル</Filter>
    </ClInclude>
    <ClInclude Include="M\utilities\benriTemplateFunc\benriTempFunc.h">
      <Filter>ヘッダー ファイル</Filter>
    </ClInclude>
    <ClInclude Include="M\lowerLayer\engineCore\allShaderData\shaderData\shaderDataBehavior.h">
      <Filter>ヘッダー ファイル</Filter>
    </ClInclude>
    <ClInclude Include="external\imgui\imconfig.h">
      <Filter>ヘッダー ファイル</Filter>
    </ClInclude>
    <ClInclude Include="external\imgui\imgui.h">
      <Filter>ヘッダー ファイル</Filter>
    </ClInclude>
    <ClInclude Include="external\imgui\imgui_impl_dx12.h">
      <Filter>ヘッダー ファイル</Filter>
    </ClInclude>
    <ClInclude Include="external\imgui\imgui_impl_win32.h">
      <Filter>ヘッダー ファイル</Filter>
    </ClInclude>
    <ClInclude Include="external\imgui\imgui_internal.h">
      <Filter>ヘッダー ファイル</Filter>
    </ClInclude>
    <ClInclude Include="external\imgui\imstb_rectpack.h">
      <Filter>ヘッダー ファイル</Filter>
    </ClInclude>
    <ClInclude Include="external\imgui\imstb_textedit.h">
      <Filter>ヘッダー ファイル</Filter>
    </ClInclude>
    <ClInclude Include="external\imgui\imstb_truetype.h">
      <Filter>ヘッダー ファイル</Filter>
    </ClInclude>
    <ClInclude Include="M\lowerLayer\engineCore\constantBuffer\MatrixBuffer\MatrixBuffer.h">
      <Filter>ヘッダー ファイル</Filter>
    </ClInclude>
    <ClInclude Include="M\lowerLayer\engineCore\constantBuffer\MaterialBuffer\MaterialBuffer.h">
      <Filter>ヘッダー ファイル</Filter>
    </ClInclude>
    <ClInclude Include="M\lowerLayer\engineCore\primitiveMeshes\triangleMesh\triangleMesh.h">
      <Filter>ヘッダー ファイル</Filter>
    </ClInclude>
    <ClInclude Include="M\lowerLayer\engineCore\primitiveMeshes\quadMesh\quadMesh.h">
      <Filter>ヘッダー ファイル</Filter>
    </ClInclude>
    <ClInclude Include="M\lowerLayer\engineCore\gpuResources\depthBuffer\depthBuffer.h">
      <Filter>ヘッダー ファイル</Filter>
    </ClInclude>
    <ClInclude Include="M\lowerLayer\engineCore\allMesh\allMesh.h">
      <Filter>ヘッダー ファイル</Filter>
    </ClInclude>
    <ClInclude Include="M\lowerLayer\engineCore\textureSystems\textureDataCreator\textureDataCreator.h">
      <Filter>ヘッダー ファイル</Filter>
    </ClInclude>
    <ClInclude Include="M\lowerLayer\engineCore\textureSystems\textureDataManager\textureDataManager.h">
      <Filter>ヘッダー ファイル</Filter>
    </ClInclude>
    <ClInclude Include="M\lowerLayer\engineCore\gpuResources\shaderBuffer\shaderBuffer.h">
      <Filter>ヘッダー ファイル</Filter>
    </ClInclude>
    <ClInclude Include="M\utilities\convertString\convertString.h">
      <Filter>ヘッダー ファイル</Filter>
    </ClInclude>
  </ItemGroup>
  <ItemGroup>
    <None Include="external\imgui\imgui.vcxproj" />
    <None Include="external\imgui\imgui.vcxproj.filters" />
  </ItemGroup>
</Project>